<?xml version="1.0" encoding="utf-8"?>
<Project ToolsVersion="4.0" xmlns="http://schemas.microsoft.com/developer/msbuild/2003">
  <ItemGroup>
    <Filter Include="src">
      <UniqueIdentifier>{827bf1be-08e9-455c-832d-428268898534}</UniqueIdentifier>
    </Filter>
  </ItemGroup>
  <ItemGroup>
    <ClCompile Include="src\Sanity.Editor.main.cpp">
      <Filter>src</Filter>
    </ClCompile>
  </ItemGroup>
</Project>