<?xml version="1.0" encoding="utf-8"?>
<Project ToolsVersion="4.0" xmlns="http://schemas.microsoft.com/developer/msbuild/2003">
  <ItemGroup>
    <Filter Include="src">
      <UniqueIdentifier>{4FC737F1-C7A5-4376-A066-2A32D752A2FF}</UniqueIdentifier>
      <Extensions>cpp;c;cc;cxx;c++;cppm;ixx;def;odl;idl;hpj;bat;asm;asmx</Extensions>
    </Filter>
    <Filter Include="src\ui">
      <UniqueIdentifier>{cc2bde98-37ff-4b73-b326-b4e49192ab6a}</UniqueIdentifier>
    </Filter>
    <Filter Include="src\ui\windows">
      <UniqueIdentifier>{b781d207-7ad2-47de-acc8-ff5768ec9bc0}</UniqueIdentifier>
    </Filter>
    <Filter Include="src\serialization">
      <UniqueIdentifier>{4c6ab9bc-7017-4876-815d-0a9a76f70d91}</UniqueIdentifier>
    </Filter>
    <Filter Include="src\entity">
      <UniqueIdentifier>{89c77e0a-4281-4404-965d-5f3f8059179f}</UniqueIdentifier>
    </Filter>
    <Filter Include="data">
      <UniqueIdentifier>{90835a04-43ca-4700-9e23-f43e987899f8}</UniqueIdentifier>
    </Filter>
    <Filter Include="data\textures">
      <UniqueIdentifier>{7ae52218-bda2-459f-bf36-3fcab2be7714}</UniqueIdentifier>
    </Filter>
    <Filter Include="data\textures\icons">
      <UniqueIdentifier>{99d00109-5296-4e2f-93e2-838618e84b95}</UniqueIdentifier>
    </Filter>
    <Filter Include="src\asset_registry">
      <UniqueIdentifier>{5f45c7f0-83b8-4501-aac2-3fe7da94ef98}</UniqueIdentifier>
    </Filter>
    <Filter Include="src\import">
      <UniqueIdentifier>{64c56961-33c3-4992-ac84-927063b047d0}</UniqueIdentifier>
    </Filter>
  </ItemGroup>
  <ItemGroup>
    <ClCompile Include="src\SanityEditor.cpp">
      <Filter>src</Filter>
    </ClCompile>
    <ClCompile Include="src\ui\ApplicationGui.cpp">
      <Filter>src\ui</Filter>
    </ClCompile>
    <ClCompile Include="src\ui\EditorUiController.cpp">
      <Filter>src\ui</Filter>
    </ClCompile>
    <ClCompile Include="src\ui\windows\WorldgenParamsEditor.cpp">
      <Filter>src\ui\windows</Filter>
    </ClCompile>
    <ClCompile Include="src\serialization\EntitySerialization.cpp">
      <Filter>src\serialization</Filter>
    </ClCompile>
    <ClCompile Include="src\serialization\GetJsonForComponent.cpp">
      <Filter>src\serialization</Filter>
    </ClCompile>
    <ClCompile Include="src\ui\windows\EntityEditorWindow.cpp">
      <Filter>src\ui\windows</Filter>
    </ClCompile>
    <ClCompile Include="src\ui\windows\content_browser.cpp">
      <Filter>src\ui\windows</Filter>
    </ClCompile>
    <ClCompile Include="src\entity\Components.cpp">
      <Filter>src\entity</Filter>
    </ClCompile>
    <ClCompile Include="src\asset_registry\asset_registry.cpp">
      <Filter>src\asset_registry</Filter>
    </ClCompile>
    <ClCompile Include="src\asset_registry\asset_metadata_json_conversion.cpp">
      <Filter>src\asset_registry</Filter>
    </ClCompile>
    <ClCompile Include="src\ui\windows\mesh_import_window.cpp">
      <Filter>src\ui\windows</Filter>
    </ClCompile>
    <ClCompile Include="src\entity\entity_operations.cpp">
      <Filter>src\entity</Filter>
    </ClCompile>
    <ClCompile Include="src\import\scene_importer.cpp">
      <Filter>src\import</Filter>
    </ClCompile>
  </ItemGroup>
  <ItemGroup>
    <ClInclude Include="src\SanityEditor.hpp">
      <Filter>src</Filter>
    </ClInclude>
    <ClInclude Include="src\ui\ApplicationGui.hpp">
      <Filter>src\ui</Filter>
    </ClInclude>
    <ClInclude Include="src\ui\EditorUiController.hpp">
      <Filter>src\ui</Filter>
    </ClInclude>
    <ClInclude Include="src\ui\windows\WorldgenParamsEditor.hpp">
      <Filter>src\ui\windows</Filter>
    </ClInclude>
    <ClInclude Include="src\serialization\EntitySerialization.hpp">
      <Filter>src\serialization</Filter>
    </ClInclude>
    <ClInclude Include="src\serialization\GetJsonForComponent.hpp">
      <Filter>src\serialization</Filter>
    </ClInclude>
    <ClInclude Include="src\ui\windows\EntityEditorWindow.hpp">
      <Filter>src\ui\windows</Filter>
    </ClInclude>
    <ClInclude Include="src\ui\windows\content_browser.hpp">
      <Filter>src\ui\windows</Filter>
    </ClInclude>
    <ClInclude Include="src\entity\Components.hpp">
      <Filter>src\entity</Filter>
    </ClInclude>
    <ClInclude Include="src\asset_registry\asset_registry.hpp">
      <Filter>src\asset_registry</Filter>
    </ClInclude>
    <ClInclude Include="src\asset_registry\asset_metadata_json_conversion.hpp">
      <Filter>src\asset_registry</Filter>
    </ClInclude>
    <ClInclude Include="src\asset_registry\asset_registry_structs.hpp">
      <Filter>src\asset_registry</Filter>
    </ClInclude>
    <ClInclude Include="src\ui\windows\mesh_import_window.hpp">
      <Filter>src\ui\windows</Filter>
    </ClInclude>
    <ClInclude Include="src\entity\entity_operations.hpp">
      <Filter>src\entity</Filter>
    </ClInclude>
    <ClInclude Include="src\import\scene_importer.hpp">
      <Filter>src\import</Filter>
    </ClInclude>
  </ItemGroup>
  <ItemGroup>
    <Image Include="data\textures\icons\blend.png">
      <Filter>data\textures\icons</Filter>
    </Image>
    <Image Include="data\textures\icons\directory.png">
      <Filter>data\textures\icons</Filter>
    </Image>
    <Image Include="data\textures\icons\glb.png">
      <Filter>data\textures\icons</Filter>
    </Image>
  </ItemGroup>
</Project>