Microsoft Visual Studio Solution File, Format Version 12.00
# Visual Studio Version 16
VisualStudioVersion = 16.0.30420.98
MinimumVisualStudioVersion = 10.0.40219.1
Project("{8BC9CEB8-8B4A-11D0-8D11-00A0C91BC942}") = "SanityEngine.WinRT", "SanityEngine.WinRT\SanityEngine.WinRT.vcxproj", "{95911BDF-3DFD-4C16-A4FE-C344C99E4549}"
EndProject
Project("{FAE04EC0-301F-11D3-BF4B-00C04F79EFBC}") = "SanityEngine.Editor", "SanityEngine.Editor\SanityEngine.Editor.csproj", "{0C30F433-F11B-4979-97DE-7729265FF0D2}"
EndProject
Project("{8BC9CEB8-8B4A-11D0-8D11-00A0C91BC942}") = "SanityEngine", "SanityEngine\SanityEngine.vcxproj", "{A6D26A06-5F0C-3136-9293-218915CC95C4}"
EndProject
Project("{9A19103F-16F7-4668-BE54-9A1E7A4F7556}") = "SanityEngine.NET", "SanityEngine.NET\SanityEngine.NET.csproj", "{0B0A27AC-DEB4-4D8A-A6C3-03C84279B764}"
EndProject
Global
	GlobalSection(SolutionConfigurationPlatforms) = preSolution
		Debug|Any CPU = Debug|Any CPU
		Debug|ARM = Debug|ARM
		Debug|ARM64 = Debug|ARM64
		Debug|x64 = Debug|x64
		Debug|x86 = Debug|x86
		MinSizeRel|Any CPU = MinSizeRel|Any CPU
		MinSizeRel|ARM = MinSizeRel|ARM
		MinSizeRel|ARM64 = MinSizeRel|ARM64
		MinSizeRel|x64 = MinSizeRel|x64
		MinSizeRel|x86 = MinSizeRel|x86
		Release|Any CPU = Release|Any CPU
		Release|ARM = Release|ARM
		Release|ARM64 = Release|ARM64
		Release|x64 = Release|x64
		Release|x86 = Release|x86
		RelWithDebInfo|Any CPU = RelWithDebInfo|Any CPU
		RelWithDebInfo|ARM = RelWithDebInfo|ARM
		RelWithDebInfo|ARM64 = RelWithDebInfo|ARM64
		RelWithDebInfo|x64 = RelWithDebInfo|x64
		RelWithDebInfo|x86 = RelWithDebInfo|x86
	EndGlobalSection
	GlobalSection(ProjectConfigurationPlatforms) = postSolution
		{95911BDF-3DFD-4C16-A4FE-C344C99E4549}.Debug|Any CPU.ActiveCfg = Debug|Win32
		{95911BDF-3DFD-4C16-A4FE-C344C99E4549}.Debug|ARM.ActiveCfg = Debug|ARM
		{95911BDF-3DFD-4C16-A4FE-C344C99E4549}.Debug|ARM.Build.0 = Debug|ARM
		{95911BDF-3DFD-4C16-A4FE-C344C99E4549}.Debug|ARM64.ActiveCfg = Debug|ARM64
		{95911BDF-3DFD-4C16-A4FE-C344C99E4549}.Debug|ARM64.Build.0 = Debug|ARM64
		{95911BDF-3DFD-4C16-A4FE-C344C99E4549}.Debug|x64.ActiveCfg = Debug|x64
		{95911BDF-3DFD-4C16-A4FE-C344C99E4549}.Debug|x64.Build.0 = Debug|x64
		{95911BDF-3DFD-4C16-A4FE-C344C99E4549}.Debug|x86.ActiveCfg = Debug|Win32
		{95911BDF-3DFD-4C16-A4FE-C344C99E4549}.Debug|x86.Build.0 = Debug|Win32
		{95911BDF-3DFD-4C16-A4FE-C344C99E4549}.MinSizeRel|Any CPU.ActiveCfg = Release|x64
		{95911BDF-3DFD-4C16-A4FE-C344C99E4549}.MinSizeRel|Any CPU.Build.0 = Release|x64
		{95911BDF-3DFD-4C16-A4FE-C344C99E4549}.MinSizeRel|ARM.ActiveCfg = Release|ARM
		{95911BDF-3DFD-4C16-A4FE-C344C99E4549}.MinSizeRel|ARM.Build.0 = Release|ARM
		{95911BDF-3DFD-4C16-A4FE-C344C99E4549}.MinSizeRel|ARM64.ActiveCfg = Release|ARM64
		{95911BDF-3DFD-4C16-A4FE-C344C99E4549}.MinSizeRel|ARM64.Build.0 = Release|ARM64
		{95911BDF-3DFD-4C16-A4FE-C344C99E4549}.MinSizeRel|x64.ActiveCfg = Release|x64
		{95911BDF-3DFD-4C16-A4FE-C344C99E4549}.MinSizeRel|x64.Build.0 = Release|x64
		{95911BDF-3DFD-4C16-A4FE-C344C99E4549}.MinSizeRel|x86.ActiveCfg = Release|Win32
		{95911BDF-3DFD-4C16-A4FE-C344C99E4549}.MinSizeRel|x86.Build.0 = Release|Win32
		{95911BDF-3DFD-4C16-A4FE-C344C99E4549}.Release|Any CPU.ActiveCfg = Release|Win32
		{95911BDF-3DFD-4C16-A4FE-C344C99E4549}.Release|ARM.ActiveCfg = Release|ARM
		{95911BDF-3DFD-4C16-A4FE-C344C99E4549}.Release|ARM.Build.0 = Release|ARM
		{95911BDF-3DFD-4C16-A4FE-C344C99E4549}.Release|ARM64.ActiveCfg = Release|ARM64
		{95911BDF-3DFD-4C16-A4FE-C344C99E4549}.Release|ARM64.Build.0 = Release|ARM64
		{95911BDF-3DFD-4C16-A4FE-C344C99E4549}.Release|x64.ActiveCfg = Release|x64
		{95911BDF-3DFD-4C16-A4FE-C344C99E4549}.Release|x64.Build.0 = Release|x64
		{95911BDF-3DFD-4C16-A4FE-C344C99E4549}.Release|x86.ActiveCfg = Release|Win32
		{95911BDF-3DFD-4C16-A4FE-C344C99E4549}.Release|x86.Build.0 = Release|Win32
		{95911BDF-3DFD-4C16-A4FE-C344C99E4549}.RelWithDebInfo|Any CPU.ActiveCfg = Release|x64
		{95911BDF-3DFD-4C16-A4FE-C344C99E4549}.RelWithDebInfo|Any CPU.Build.0 = Release|x64
		{95911BDF-3DFD-4C16-A4FE-C344C99E4549}.RelWithDebInfo|ARM.ActiveCfg = Release|ARM
		{95911BDF-3DFD-4C16-A4FE-C344C99E4549}.RelWithDebInfo|ARM.Build.0 = Release|ARM
		{95911BDF-3DFD-4C16-A4FE-C344C99E4549}.RelWithDebInfo|ARM64.ActiveCfg = Release|ARM64
		{95911BDF-3DFD-4C16-A4FE-C344C99E4549}.RelWithDebInfo|ARM64.Build.0 = Release|ARM64
		{95911BDF-3DFD-4C16-A4FE-C344C99E4549}.RelWithDebInfo|x64.ActiveCfg = Release|x64
		{95911BDF-3DFD-4C16-A4FE-C344C99E4549}.RelWithDebInfo|x64.Build.0 = Release|x64
		{95911BDF-3DFD-4C16-A4FE-C344C99E4549}.RelWithDebInfo|x86.ActiveCfg = Release|Win32
		{95911BDF-3DFD-4C16-A4FE-C344C99E4549}.RelWithDebInfo|x86.Build.0 = Release|Win32
		{0C30F433-F11B-4979-97DE-7729265FF0D2}.Debug|Any CPU.ActiveCfg = Debug|x86
		{0C30F433-F11B-4979-97DE-7729265FF0D2}.Debug|ARM.ActiveCfg = Debug|ARM
		{0C30F433-F11B-4979-97DE-7729265FF0D2}.Debug|ARM.Build.0 = Debug|ARM
		{0C30F433-F11B-4979-97DE-7729265FF0D2}.Debug|ARM.Deploy.0 = Debug|ARM
		{0C30F433-F11B-4979-97DE-7729265FF0D2}.Debug|ARM64.ActiveCfg = Debug|ARM64
		{0C30F433-F11B-4979-97DE-7729265FF0D2}.Debug|ARM64.Build.0 = Debug|ARM64
		{0C30F433-F11B-4979-97DE-7729265FF0D2}.Debug|ARM64.Deploy.0 = Debug|ARM64
		{0C30F433-F11B-4979-97DE-7729265FF0D2}.Debug|x64.ActiveCfg = Debug|x64
		{0C30F433-F11B-4979-97DE-7729265FF0D2}.Debug|x64.Build.0 = Debug|x64
		{0C30F433-F11B-4979-97DE-7729265FF0D2}.Debug|x64.Deploy.0 = Debug|x64
		{0C30F433-F11B-4979-97DE-7729265FF0D2}.Debug|x86.ActiveCfg = Debug|x86
		{0C30F433-F11B-4979-97DE-7729265FF0D2}.Debug|x86.Build.0 = Debug|x86
		{0C30F433-F11B-4979-97DE-7729265FF0D2}.Debug|x86.Deploy.0 = Debug|x86
		{0C30F433-F11B-4979-97DE-7729265FF0D2}.MinSizeRel|Any CPU.ActiveCfg = Release|x64
		{0C30F433-F11B-4979-97DE-7729265FF0D2}.MinSizeRel|Any CPU.Build.0 = Release|x64
		{0C30F433-F11B-4979-97DE-7729265FF0D2}.MinSizeRel|Any CPU.Deploy.0 = Release|x64
		{0C30F433-F11B-4979-97DE-7729265FF0D2}.MinSizeRel|ARM.ActiveCfg = Release|ARM
		{0C30F433-F11B-4979-97DE-7729265FF0D2}.MinSizeRel|ARM.Build.0 = Release|ARM
		{0C30F433-F11B-4979-97DE-7729265FF0D2}.MinSizeRel|ARM.Deploy.0 = Release|ARM
		{0C30F433-F11B-4979-97DE-7729265FF0D2}.MinSizeRel|ARM64.ActiveCfg = Release|ARM64
		{0C30F433-F11B-4979-97DE-7729265FF0D2}.MinSizeRel|ARM64.Build.0 = Release|ARM64
		{0C30F433-F11B-4979-97DE-7729265FF0D2}.MinSizeRel|ARM64.Deploy.0 = Release|ARM64
		{0C30F433-F11B-4979-97DE-7729265FF0D2}.MinSizeRel|x64.ActiveCfg = Release|x64
		{0C30F433-F11B-4979-97DE-7729265FF0D2}.MinSizeRel|x64.Build.0 = Release|x64
		{0C30F433-F11B-4979-97DE-7729265FF0D2}.MinSizeRel|x64.Deploy.0 = Release|x64
		{0C30F433-F11B-4979-97DE-7729265FF0D2}.MinSizeRel|x86.ActiveCfg = Release|x86
		{0C30F433-F11B-4979-97DE-7729265FF0D2}.MinSizeRel|x86.Build.0 = Release|x86
		{0C30F433-F11B-4979-97DE-7729265FF0D2}.MinSizeRel|x86.Deploy.0 = Release|x86
		{0C30F433-F11B-4979-97DE-7729265FF0D2}.Release|Any CPU.ActiveCfg = Release|x86
		{0C30F433-F11B-4979-97DE-7729265FF0D2}.Release|ARM.ActiveCfg = Release|ARM
		{0C30F433-F11B-4979-97DE-7729265FF0D2}.Release|ARM.Build.0 = Release|ARM
		{0C30F433-F11B-4979-97DE-7729265FF0D2}.Release|ARM.Deploy.0 = Release|ARM
		{0C30F433-F11B-4979-97DE-7729265FF0D2}.Release|ARM64.ActiveCfg = Release|ARM64
		{0C30F433-F11B-4979-97DE-7729265FF0D2}.Release|ARM64.Build.0 = Release|ARM64
		{0C30F433-F11B-4979-97DE-7729265FF0D2}.Release|ARM64.Deploy.0 = Release|ARM64
		{0C30F433-F11B-4979-97DE-7729265FF0D2}.Release|x64.ActiveCfg = Release|x64
		{0C30F433-F11B-4979-97DE-7729265FF0D2}.Release|x64.Build.0 = Release|x64
		{0C30F433-F11B-4979-97DE-7729265FF0D2}.Release|x64.Deploy.0 = Release|x64
		{0C30F433-F11B-4979-97DE-7729265FF0D2}.Release|x86.ActiveCfg = Release|x86
		{0C30F433-F11B-4979-97DE-7729265FF0D2}.Release|x86.Build.0 = Release|x86
		{0C30F433-F11B-4979-97DE-7729265FF0D2}.Release|x86.Deploy.0 = Release|x86
		{0C30F433-F11B-4979-97DE-7729265FF0D2}.RelWithDebInfo|Any CPU.ActiveCfg = Release|x64
		{0C30F433-F11B-4979-97DE-7729265FF0D2}.RelWithDebInfo|Any CPU.Build.0 = Release|x64
		{0C30F433-F11B-4979-97DE-7729265FF0D2}.RelWithDebInfo|Any CPU.Deploy.0 = Release|x64
		{0C30F433-F11B-4979-97DE-7729265FF0D2}.RelWithDebInfo|ARM.ActiveCfg = Release|ARM
		{0C30F433-F11B-4979-97DE-7729265FF0D2}.RelWithDebInfo|ARM.Build.0 = Release|ARM
		{0C30F433-F11B-4979-97DE-7729265FF0D2}.RelWithDebInfo|ARM.Deploy.0 = Release|ARM
		{0C30F433-F11B-4979-97DE-7729265FF0D2}.RelWithDebInfo|ARM64.ActiveCfg = Release|ARM64
		{0C30F433-F11B-4979-97DE-7729265FF0D2}.RelWithDebInfo|ARM64.Build.0 = Release|ARM64
		{0C30F433-F11B-4979-97DE-7729265FF0D2}.RelWithDebInfo|ARM64.Deploy.0 = Release|ARM64
		{0C30F433-F11B-4979-97DE-7729265FF0D2}.RelWithDebInfo|x64.ActiveCfg = Release|x64
		{0C30F433-F11B-4979-97DE-7729265FF0D2}.RelWithDebInfo|x64.Build.0 = Release|x64
		{0C30F433-F11B-4979-97DE-7729265FF0D2}.RelWithDebInfo|x64.Deploy.0 = Release|x64
		{0C30F433-F11B-4979-97DE-7729265FF0D2}.RelWithDebInfo|x86.ActiveCfg = Release|x86
		{0C30F433-F11B-4979-97DE-7729265FF0D2}.RelWithDebInfo|x86.Build.0 = Release|x86
		{0C30F433-F11B-4979-97DE-7729265FF0D2}.RelWithDebInfo|x86.Deploy.0 = Release|x86
		{A6D26A06-5F0C-3136-9293-218915CC95C4}.Debug|Any CPU.ActiveCfg = Debug|x64
		{A6D26A06-5F0C-3136-9293-218915CC95C4}.Debug|ARM.ActiveCfg = Debug|x64
		{A6D26A06-5F0C-3136-9293-218915CC95C4}.Debug|ARM64.ActiveCfg = Debug|x64
		{A6D26A06-5F0C-3136-9293-218915CC95C4}.Debug|x64.ActiveCfg = Debug|x64
		{A6D26A06-5F0C-3136-9293-218915CC95C4}.Debug|x64.Build.0 = Debug|x64
		{A6D26A06-5F0C-3136-9293-218915CC95C4}.Debug|x86.ActiveCfg = Debug|x64
		{A6D26A06-5F0C-3136-9293-218915CC95C4}.MinSizeRel|Any CPU.ActiveCfg = MinSizeRel|x64
		{A6D26A06-5F0C-3136-9293-218915CC95C4}.MinSizeRel|ARM.ActiveCfg = MinSizeRel|x64
		{A6D26A06-5F0C-3136-9293-218915CC95C4}.MinSizeRel|ARM64.ActiveCfg = MinSizeRel|x64
		{A6D26A06-5F0C-3136-9293-218915CC95C4}.MinSizeRel|x64.ActiveCfg = MinSizeRel|x64
		{A6D26A06-5F0C-3136-9293-218915CC95C4}.MinSizeRel|x64.Build.0 = MinSizeRel|x64
		{A6D26A06-5F0C-3136-9293-218915CC95C4}.MinSizeRel|x86.ActiveCfg = MinSizeRel|x64
		{A6D26A06-5F0C-3136-9293-218915CC95C4}.Release|Any CPU.ActiveCfg = Release|x64
		{A6D26A06-5F0C-3136-9293-218915CC95C4}.Release|ARM.ActiveCfg = Release|x64
		{A6D26A06-5F0C-3136-9293-218915CC95C4}.Release|ARM64.ActiveCfg = Release|x64
		{A6D26A06-5F0C-3136-9293-218915CC95C4}.Release|x64.ActiveCfg = Release|x64
		{A6D26A06-5F0C-3136-9293-218915CC95C4}.Release|x64.Build.0 = Release|x64
		{A6D26A06-5F0C-3136-9293-218915CC95C4}.Release|x86.ActiveCfg = Release|x64
		{A6D26A06-5F0C-3136-9293-218915CC95C4}.RelWithDebInfo|Any CPU.ActiveCfg = RelWithDebInfo|x64
		{A6D26A06-5F0C-3136-9293-218915CC95C4}.RelWithDebInfo|ARM.ActiveCfg = RelWithDebInfo|x64
		{A6D26A06-5F0C-3136-9293-218915CC95C4}.RelWithDebInfo|ARM64.ActiveCfg = RelWithDebInfo|x64
		{A6D26A06-5F0C-3136-9293-218915CC95C4}.RelWithDebInfo|x64.ActiveCfg = RelWithDebInfo|x64
		{A6D26A06-5F0C-3136-9293-218915CC95C4}.RelWithDebInfo|x64.Build.0 = RelWithDebInfo|x64
		{A6D26A06-5F0C-3136-9293-218915CC95C4}.RelWithDebInfo|x86.ActiveCfg = RelWithDebInfo|x64
		{0B0A27AC-DEB4-4D8A-A6C3-03C84279B764}.Debug|Any CPU.ActiveCfg = Debug|Any CPU
		{0B0A27AC-DEB4-4D8A-A6C3-03C84279B764}.Debug|Any CPU.Build.0 = Debug|Any CPU
		{0B0A27AC-DEB4-4D8A-A6C3-03C84279B764}.Debug|ARM.ActiveCfg = Debug|Any CPU
		{0B0A27AC-DEB4-4D8A-A6C3-03C84279B764}.Debug|ARM.Build.0 = Debug|Any CPU
		{0B0A27AC-DEB4-4D8A-A6C3-03C84279B764}.Debug|ARM64.ActiveCfg = Debug|Any CPU
		{0B0A27AC-DEB4-4D8A-A6C3-03C84279B764}.Debug|ARM64.Build.0 = Debug|Any CPU
		{0B0A27AC-DEB4-4D8A-A6C3-03C84279B764}.Debug|x64.ActiveCfg = Debug|Any CPU
		{0B0A27AC-DEB4-4D8A-A6C3-03C84279B764}.Debug|x64.Build.0 = Debug|Any CPU
		{0B0A27AC-DEB4-4D8A-A6C3-03C84279B764}.Debug|x86.ActiveCfg = Debug|Any CPU
		{0B0A27AC-DEB4-4D8A-A6C3-03C84279B764}.Debug|x86.Build.0 = Debug|Any CPU
		{0B0A27AC-DEB4-4D8A-A6C3-03C84279B764}.MinSizeRel|Any CPU.ActiveCfg = Debug|Any CPU
		{0B0A27AC-DEB4-4D8A-A6C3-03C84279B764}.MinSizeRel|Any CPU.Build.0 = Debug|Any CPU
		{0B0A27AC-DEB4-4D8A-A6C3-03C84279B764}.MinSizeRel|ARM.ActiveCfg = Debug|Any CPU
		{0B0A27AC-DEB4-4D8A-A6C3-03C84279B764}.MinSizeRel|ARM.Build.0 = Debug|Any CPU
		{0B0A27AC-DEB4-4D8A-A6C3-03C84279B764}.MinSizeRel|ARM64.ActiveCfg = Debug|Any CPU
		{0B0A27AC-DEB4-4D8A-A6C3-03C84279B764}.MinSizeRel|ARM64.Build.0 = Debug|Any CPU
		{0B0A27AC-DEB4-4D8A-A6C3-03C84279B764}.MinSizeRel|x64.ActiveCfg = Debug|Any CPU
		{0B0A27AC-DEB4-4D8A-A6C3-03C84279B764}.MinSizeRel|x64.Build.0 = Debug|Any CPU
		{0B0A27AC-DEB4-4D8A-A6C3-03C84279B764}.MinSizeRel|x86.ActiveCfg = Debug|Any CPU
		{0B0A27AC-DEB4-4D8A-A6C3-03C84279B764}.MinSizeRel|x86.Build.0 = Debug|Any CPU
		{0B0A27AC-DEB4-4D8A-A6C3-03C84279B764}.Release|Any CPU.ActiveCfg = Release|Any CPU
		{0B0A27AC-DEB4-4D8A-A6C3-03C84279B764}.Release|Any CPU.Build.0 = Release|Any CPU
		{0B0A27AC-DEB4-4D8A-A6C3-03C84279B764}.Release|ARM.ActiveCfg = Release|Any CPU
		{0B0A27AC-DEB4-4D8A-A6C3-03C84279B764}.Release|ARM.Build.0 = Release|Any CPU
		{0B0A27AC-DEB4-4D8A-A6C3-03C84279B764}.Release|ARM64.ActiveCfg = Release|Any CPU
		{0B0A27AC-DEB4-4D8A-A6C3-03C84279B764}.Release|ARM64.Build.0 = Release|Any CPU
		{0B0A27AC-DEB4-4D8A-A6C3-03C84279B764}.Release|x64.ActiveCfg = Release|Any CPU
		{0B0A27AC-DEB4-4D8A-A6C3-03C84279B764}.Release|x64.Build.0 = Release|Any CPU
		{0B0A27AC-DEB4-4D8A-A6C3-03C84279B764}.Release|x86.ActiveCfg = Release|Any CPU
		{0B0A27AC-DEB4-4D8A-A6C3-03C84279B764}.Release|x86.Build.0 = Release|Any CPU
		{0B0A27AC-DEB4-4D8A-A6C3-03C84279B764}.RelWithDebInfo|Any CPU.ActiveCfg = Release|Any CPU
		{0B0A27AC-DEB4-4D8A-A6C3-03C84279B764}.RelWithDebInfo|Any CPU.Build.0 = Release|Any CPU
		{0B0A27AC-DEB4-4D8A-A6C3-03C84279B764}.RelWithDebInfo|ARM.ActiveCfg = Release|Any CPU
		{0B0A27AC-DEB4-4D8A-A6C3-03C84279B764}.RelWithDebInfo|ARM.Build.0 = Release|Any CPU
		{0B0A27AC-DEB4-4D8A-A6C3-03C84279B764}.RelWithDebInfo|ARM64.ActiveCfg = Release|Any CPU
		{0B0A27AC-DEB4-4D8A-A6C3-03C84279B764}.RelWithDebInfo|ARM64.Build.0 = Release|Any CPU
		{0B0A27AC-DEB4-4D8A-A6C3-03C84279B764}.RelWithDebInfo|x64.ActiveCfg = Release|Any CPU
		{0B0A27AC-DEB4-4D8A-A6C3-03C84279B764}.RelWithDebInfo|x64.Build.0 = Release|Any CPU
		{0B0A27AC-DEB4-4D8A-A6C3-03C84279B764}.RelWithDebInfo|x86.ActiveCfg = Release|Any CPU
		{0B0A27AC-DEB4-4D8A-A6C3-03C84279B764}.RelWithDebInfo|x86.Build.0 = Release|Any CPU
	EndGlobalSection
	GlobalSection(SolutionProperties) = preSolution
		HideSolutionNode = FALSE
	EndGlobalSection
	GlobalSection(ExtensibilityGlobals) = postSolution
		SolutionGuid = {E5614D4B-75B0-34AD-B294-8E5301AD0FCA}
	EndGlobalSection
EndGlobal
