<?xml version="1.0" encoding="utf-8"?>
<Project ToolsVersion="4.0" xmlns="http://schemas.microsoft.com/developer/msbuild/2003">
  <ItemGroup>
    <Filter Include="src">
      <UniqueIdentifier>{4FC737F1-C7A5-4376-A066-2A32D752A2FF}</UniqueIdentifier>
      <Extensions>cpp;c;cc;cxx;c++;cppm;ixx;def;odl;idl;hpj;bat;asm;asmx</Extensions>
    </Filter>
    <Filter Include="content">
      <UniqueIdentifier>{b798836b-b87c-4075-b417-2dbc3aa47c6b}</UniqueIdentifier>
    </Filter>
    <Filter Include="content\settlements">
      <UniqueIdentifier>{95e5fd22-e24a-4ba8-ab4b-af07d4880042}</UniqueIdentifier>
    </Filter>
    <Filter Include="content\settlements\buildings">
      <UniqueIdentifier>{f4898be2-a3d4-42f4-a648-a20b335ea33e}</UniqueIdentifier>
    </Filter>
    <Filter Include="content\materials">
      <UniqueIdentifier>{c7939ef5-337d-4849-a5b2-223d85722148}</UniqueIdentifier>
    </Filter>
    <Filter Include="content\materials\stucco">
      <UniqueIdentifier>{2e5a6430-c7f9-489e-9d4b-9489c6307d41}</UniqueIdentifier>
    </Filter>
  </ItemGroup>
  <ItemGroup>
    <ClCompile Include="Sanity.Game.cpp">
      <Filter>src</Filter>
    </ClCompile>
  </ItemGroup>
  <ItemGroup>
    <None Include="content\settlements\buildings\complex_hut.gltf">
      <Filter>content\settlements\buildings</Filter>
    </None>
    <None Include="content\settlements\buildings\complex_hut.bin">
      <Filter>content\settlements\buildings</Filter>
    </None>
  </ItemGroup>
  <ItemGroup>
    <Image Include="content\settlements\buildings\plaster_diffuse.png">
      <Filter>content\settlements\buildings</Filter>
    </Image>
    <Image Include="content\settlements\buildings\plaster_normals.jpg">
      <Filter>content\settlements\buildings</Filter>
    </Image>
    <Image Include="content\settlements\buildings\plaster_roughness_metallic.jpg">
      <Filter>content\settlements\buildings</Filter>
    </Image>
  </ItemGroup>
</Project>