<?xml version="1.0" encoding="utf-8"?>
<Project ToolsVersion="4.0" xmlns="http://schemas.microsoft.com/developer/msbuild/2003">
  <ItemGroup>
    <Filter Include="Source Files">
      <UniqueIdentifier>{4FC737F1-C7A5-4376-A066-2A32D752A2FF}</UniqueIdentifier>
      <Extensions>cpp;c;cc;cxx;c++;def;odl;idl;hpj;bat;asm;asmx</Extensions>
    </Filter>
    <Filter Include="Header Files">
      <UniqueIdentifier>{93995380-89BD-4b04-88EB-625FBE52EBFB}</UniqueIdentifier>
      <Extensions>h;hh;hpp;hxx;h++;hm;inl;inc;ipp;xsd</Extensions>
    </Filter>
    <Filter Include="Resource Files">
      <UniqueIdentifier>{67DA6AB6-F800-4c08-8B7A-83BB121AAD01}</UniqueIdentifier>
      <Extensions>rc;ico;cur;bmp;dlg;rc2;rct;bin;rgs;gif;jpg;jpeg;jpe;resx;tiff;tif;png;wav;mfcribbon-ms</Extensions>
    </Filter>
  </ItemGroup>
  <ItemGroup>
    <ClCompile Include="src\core\abort.cpp">
      <Filter>Source Files</Filter>
    </ClCompile>
    <ClCompile Include="src\core\ensure.cpp">
      <Filter>Source Files</Filter>
    </ClCompile>
    <ClCompile Include="src\core\errors.cpp">
      <Filter>Source Files</Filter>
    </ClCompile>
    <ClCompile Include="src\input\input_manager.cpp">
      <Filter>Source Files</Filter>
    </ClCompile>
    <ClCompile Include="src\player\flycam_controller.cpp">
      <Filter>Source Files</Filter>
    </ClCompile>
    <ClCompile Include="src\renderer\camera_matrix_buffer.cpp">
      <Filter>Source Files</Filter>
    </ClCompile>
    <ClCompile Include="src\renderer\renderer.cpp">
      <Filter>Source Files</Filter>
    </ClCompile>
    <ClCompile Include="src\rhi\mesh_data_store.cpp">
      <Filter>Source Files</Filter>
    </ClCompile>
    <ClCompile Include="src\rhi\render_device.cpp">
      <Filter>Source Files</Filter>
    </ClCompile>
    <ClCompile Include="src\rhi\resources.cpp">
      <Filter>Source Files</Filter>
    </ClCompile>
    <ClCompile Include="src\rhi\d3d12\d3d12_bind_group.cpp">
      <Filter>Source Files</Filter>
    </ClCompile>
    <ClCompile Include="src\rhi\d3d12\d3d12_command_list.cpp">
      <Filter>Source Files</Filter>
    </ClCompile>
    <ClCompile Include="src\rhi\d3d12\d3d12_compute_command_list.cpp">
      <Filter>Source Files</Filter>
    </ClCompile>
    <ClCompile Include="src\rhi\d3d12\d3d12_descriptor_allocator.cpp">
      <Filter>Source Files</Filter>
    </ClCompile>
    <ClCompile Include="src\rhi\d3d12\d3d12_render_command_list.cpp">
      <Filter>Source Files</Filter>
    </ClCompile>
    <ClCompile Include="src\rhi\d3d12\d3d12_render_device.cpp">
      <Filter>Source Files</Filter>
    </ClCompile>
    <ClCompile Include="src\rhi\d3d12\d3d12_resource_command_list.cpp">
      <Filter>Source Files</Filter>
    </ClCompile>
    <ClCompile Include="src\rhi\d3d12\helpers.cpp">
      <Filter>Source Files</Filter>
    </ClCompile>
    <ClCompile Include="src\rhi\d3d12\shader_reflection.cpp">
      <Filter>Source Files</Filter>
    </ClCompile>
    <ClCompile Include="src\stats\framerate_tracker.cpp">
      <Filter>Source Files</Filter>
    </ClCompile>
    <ClCompile Include="src\windows\windows_helpers.cpp">
      <Filter>Source Files</Filter>
    </ClCompile>
    <ClCompile Include="src\sanity_engine.cpp">
      <Filter>Source Files</Filter>
    </ClCompile>
    <ClCompile Include="extern\D3D12MemoryAllocator\D3D12MemAlloc.cpp">
      <Filter>Source Files</Filter>
    </ClCompile>
  </ItemGroup>
  <ItemGroup>
    <ClInclude Include="src\sanity_engine.hpp">
      <Filter>Header Files</Filter>
    </ClInclude>
    <ClInclude Include="src\settings.hpp">
      <Filter>Header Files</Filter>
    </ClInclude>
    <ClInclude Include="src\core\abort.hpp">
      <Filter>Header Files</Filter>
    </ClInclude>
    <ClInclude Include="src\core\components.hpp">
      <Filter>Header Files</Filter>
    </ClInclude>
    <ClInclude Include="src\core\constants.hpp">
      <Filter>Header Files</Filter>
    </ClInclude>
    <ClInclude Include="src\core\ensure.hpp">
      <Filter>Header Files</Filter>
    </ClInclude>
    <ClInclude Include="src\core\errors.hpp">
      <Filter>Header Files</Filter>
    </ClInclude>
    <ClInclude Include="src\core\async\mutex.hpp">
      <Filter>Header Files</Filter>
    </ClInclude>
    <ClInclude Include="src\input\input_manager.hpp">
      <Filter>Header Files</Filter>
    </ClInclude>
    <ClInclude Include="src\player\components.hpp">
      <Filter>Header Files</Filter>
    </ClInclude>
    <ClInclude Include="src\player\flycam_controller.hpp">
      <Filter>Header Files</Filter>
    </ClInclude>
    <ClInclude Include="src\renderer\camera_matrix_buffer.hpp">
      <Filter>Header Files</Filter>
    </ClInclude>
    <ClInclude Include="src\renderer\components.hpp">
      <Filter>Header Files</Filter>
    </ClInclude>
    <ClInclude Include="src\renderer\renderer.hpp">
      <Filter>Header Files</Filter>
    </ClInclude>
    <ClInclude Include="src\rhi\bind_group.hpp">
      <Filter>Header Files</Filter>
    </ClInclude>
    <ClInclude Include="src\rhi\command_list.hpp">
      <Filter>Header Files</Filter>
    </ClInclude>
    <ClInclude Include="src\rhi\compute_command_list.hpp">
      <Filter>Header Files</Filter>
    </ClInclude>
    <ClInclude Include="src\rhi\compute_pipeline_state.hpp">
      <Filter>Header Files</Filter>
    </ClInclude>
    <ClInclude Include="src\rhi\framebuffer.hpp">
      <Filter>Header Files</Filter>
    </ClInclude>
    <ClInclude Include="src\rhi\mesh_data_store.hpp">
      <Filter>Header Files</Filter>
    </ClInclude>
    <ClInclude Include="src\rhi\render_command_list.hpp">
      <Filter>Header Files</Filter>
    </ClInclude>
    <ClInclude Include="src\rhi\render_device.hpp">
      <Filter>Header Files</Filter>
    </ClInclude>
    <ClInclude Include="src\rhi\render_pipeline_state.hpp">
      <Filter>Header Files</Filter>
    </ClInclude>
    <ClInclude Include="src\rhi\resource_command_list.hpp">
      <Filter>Header Files</Filter>
    </ClInclude>
    <ClInclude Include="src\rhi\resources.hpp">
      <Filter>Header Files</Filter>
    </ClInclude>
    <ClInclude Include="src\rhi\d3d12\d3d12_bind_group.hpp">
      <Filter>Header Files</Filter>
    </ClInclude>
    <ClInclude Include="src\rhi\d3d12\d3d12_command_list.hpp">
      <Filter>Header Files</Filter>
    </ClInclude>
    <ClInclude Include="src\rhi\d3d12\d3d12_compute_command_list.hpp">
      <Filter>Header Files</Filter>
    </ClInclude>
    <ClInclude Include="src\rhi\d3d12\d3d12_compute_pipeline_state.hpp">
      <Filter>Header Files</Filter>
    </ClInclude>
    <ClInclude Include="src\rhi\d3d12\d3d12_descriptor_allocator.hpp">
      <Filter>Header Files</Filter>
    </ClInclude>
    <ClInclude Include="src\rhi\d3d12\d3d12_framebuffer.hpp">
      <Filter>Header Files</Filter>
    </ClInclude>
    <ClInclude Include="src\rhi\d3d12\d3d12_render_command_list.hpp">
      <Filter>Header Files</Filter>
    </ClInclude>
    <ClInclude Include="src\rhi\d3d12\d3d12_render_device.hpp">
      <Filter>Header Files</Filter>
    </ClInclude>
    <ClInclude Include="src\rhi\d3d12\d3d12_render_pipeline_state.hpp">
      <Filter>Header Files</Filter>
    </ClInclude>
    <ClInclude Include="src\rhi\d3d12\d3d12_resource_command_list.hpp">
      <Filter>Header Files</Filter>
    </ClInclude>
    <ClInclude Include="src\rhi\d3d12\d3dx12.hpp">
      <Filter>Header Files</Filter>
    </ClInclude>
    <ClInclude Include="src\rhi\d3d12\helpers.hpp">
      <Filter>Header Files</Filter>
    </ClInclude>
    <ClInclude Include="src\rhi\d3d12\resources.hpp">
      <Filter>Header Files</Filter>
    </ClInclude>
    <ClInclude Include="src\rhi\d3d12\shader_reflection.hpp">
      <Filter>Header Files</Filter>
    </ClInclude>
    <ClInclude Include="src\stats\framerate_tracker.hpp">
      <Filter>Header Files</Filter>
    </ClInclude>
    <ClInclude Include="src\windows\windows_helpers.hpp">
      <Filter>Header Files</Filter>
    </ClInclude>
  </ItemGroup>
</Project>