<?xml version="1.0" encoding="utf-8"?>
<Project ToolsVersion="16.0" xmlns="http://schemas.microsoft.com/developer/msbuild/2003">
  <ItemGroup>
    <ClCompile Include="E:\Documents\SanityEngine\SanityEngine\src\adapters\rex\rex_wrapper.cpp">
      <Filter>src\adapters\rex</Filter>
    </ClCompile>
    <ClCompile Include="E:\Documents\SanityEngine\SanityEngine\src\adapters\rex\stdout_stream.cpp">
      <Filter>src\adapters\rex</Filter>
    </ClCompile>
    <ClCompile Include="E:\Documents\SanityEngine\SanityEngine\src\bve\bve_wrapper.cpp">
      <Filter>src\bve</Filter>
    </ClCompile>
    <ClCompile Include="E:\Documents\SanityEngine\SanityEngine\src\core\asset_registry.cpp">
      <Filter>src\core</Filter>
    </ClCompile>
    <ClCompile Include="E:\Documents\SanityEngine\SanityEngine\src\core\errors.cpp">
      <Filter>src\core</Filter>
    </ClCompile>
    <ClCompile Include="E:\Documents\SanityEngine\SanityEngine\src\coreclr\core_clr_host.cpp">
      <Filter>src\coreclr</Filter>
    </ClCompile>
    <ClCompile Include="E:\Documents\SanityEngine\SanityEngine\src\game\game.cpp">
      <Filter>src\game</Filter>
    </ClCompile>
    <ClCompile Include="E:\Documents\SanityEngine\SanityEngine\src\globals.cpp">
      <Filter>src</Filter>
    </ClCompile>
    <ClCompile Include="E:\Documents\SanityEngine\SanityEngine\src\input\input_manager.cpp">
      <Filter>src\input</Filter>
    </ClCompile>
    <ClCompile Include="E:\Documents\SanityEngine\SanityEngine\src\loading\entity_loading.cpp">
      <Filter>src\loading</Filter>
    </ClCompile>
    <ClCompile Include="E:\Documents\SanityEngine\SanityEngine\src\loading\image_loading.cpp">
      <Filter>src\loading</Filter>
    </ClCompile>
    <ClCompile Include="E:\Documents\SanityEngine\SanityEngine\src\loading\mesh_loading.cpp">
      <Filter>src\loading</Filter>
    </ClCompile>
    <ClCompile Include="E:\Documents\SanityEngine\SanityEngine\src\loading\shader_loading.cpp">
      <Filter>src\loading</Filter>
    </ClCompile>
    <ClCompile Include="E:\Documents\SanityEngine\SanityEngine\src\noise\FastNoiseSIMD\FastNoiseSIMD.cpp">
      <Filter>src\noise\FastNoiseSIMD</Filter>
    </ClCompile>
    <ClCompile Include="E:\Documents\SanityEngine\SanityEngine\src\noise\FastNoiseSIMD\FastNoiseSIMD_avx2.cpp">
      <Filter>src\noise\FastNoiseSIMD</Filter>
    </ClCompile>
    <ClCompile Include="E:\Documents\SanityEngine\SanityEngine\src\noise\FastNoiseSIMD\FastNoiseSIMD_avx512.cpp">
      <Filter>src\noise\FastNoiseSIMD</Filter>
    </ClCompile>
    <ClCompile Include="E:\Documents\SanityEngine\SanityEngine\src\noise\FastNoiseSIMD\FastNoiseSIMD_internal.cpp">
      <Filter>src\noise\FastNoiseSIMD</Filter>
    </ClCompile>
    <ClCompile Include="E:\Documents\SanityEngine\SanityEngine\src\noise\FastNoiseSIMD\FastNoiseSIMD_neon.cpp">
      <Filter>src\noise\FastNoiseSIMD</Filter>
    </ClCompile>
    <ClCompile Include="E:\Documents\SanityEngine\SanityEngine\src\noise\FastNoiseSIMD\FastNoiseSIMD_sse2.cpp">
      <Filter>src\noise\FastNoiseSIMD</Filter>
    </ClCompile>
    <ClCompile Include="E:\Documents\SanityEngine\SanityEngine\src\noise\FastNoiseSIMD\FastNoiseSIMD_sse41.cpp">
      <Filter>src\noise\FastNoiseSIMD</Filter>
    </ClCompile>
    <ClCompile Include="E:\Documents\SanityEngine\SanityEngine\src\player\first_person_controller.cpp">
      <Filter>src\player</Filter>
    </ClCompile>
    <ClCompile Include="E:\Documents\SanityEngine\SanityEngine\src\player\flycam_controller.cpp">
      <Filter>src\player</Filter>
    </ClCompile>
    <ClCompile Include="E:\Documents\SanityEngine\SanityEngine\src\renderer\camera_matrix_buffer.cpp">
      <Filter>src\renderer</Filter>
    </ClCompile>
    <ClCompile Include="E:\Documents\SanityEngine\SanityEngine\src\renderer\renderer.cpp">
      <Filter>src\renderer</Filter>
    </ClCompile>
    <ClCompile Include="E:\Documents\SanityEngine\SanityEngine\src\renderer\renderpasses\backbuffer_output_pass.cpp">
      <Filter>src\renderer\renderpasses</Filter>
    </ClCompile>
    <ClCompile Include="E:\Documents\SanityEngine\SanityEngine\src\renderer\renderpasses\denoiser_pass.cpp">
      <Filter>src\renderer\renderpasses</Filter>
    </ClCompile>
    <ClCompile Include="E:\Documents\SanityEngine\SanityEngine\src\renderer\renderpasses\forward_pass.cpp">
      <Filter>src\renderer\renderpasses</Filter>
    </ClCompile>
    <ClCompile Include="E:\Documents\SanityEngine\SanityEngine\src\renderer\renderpasses\ui_render_pass.cpp">
      <Filter>src\renderer\renderpasses</Filter>
    </ClCompile>
    <ClCompile Include="E:\Documents\SanityEngine\SanityEngine\src\rhi\bind_group.cpp">
      <Filter>src\rhi</Filter>
    </ClCompile>
    <ClCompile Include="E:\Documents\SanityEngine\SanityEngine\src\rhi\descriptor_allocator.cpp">
      <Filter>src\rhi</Filter>
    </ClCompile>
    <ClCompile Include="E:\Documents\SanityEngine\SanityEngine\src\rhi\helpers.cpp">
      <Filter>src\rhi</Filter>
    </ClCompile>
    <ClCompile Include="E:\Documents\SanityEngine\SanityEngine\src\rhi\mesh_data_store.cpp">
      <Filter>src\rhi</Filter>
    </ClCompile>
    <ClCompile Include="E:\Documents\SanityEngine\SanityEngine\src\rhi\render_device.cpp">
      <Filter>src\rhi</Filter>
    </ClCompile>
    <ClCompile Include="E:\Documents\SanityEngine\SanityEngine\src\rhi\resources.cpp">
      <Filter>src\rhi</Filter>
    </ClCompile>
    <ClCompile Include="E:\Documents\SanityEngine\SanityEngine\src\sanity_engine.cpp">
      <Filter>src</Filter>
    </ClCompile>
    <ClCompile Include="E:\Documents\SanityEngine\SanityEngine\src\stats\framerate_tracker.cpp">
      <Filter>src\stats</Filter>
    </ClCompile>
    <ClCompile Include="E:\Documents\SanityEngine\SanityEngine\src\ui\dear_imgui_adapter.cpp">
      <Filter>src\ui</Filter>
    </ClCompile>
    <ClCompile Include="E:\Documents\SanityEngine\SanityEngine\src\ui\fps_display.cpp">
      <Filter>src\ui</Filter>
    </ClCompile>
    <ClCompile Include="E:\Documents\SanityEngine\SanityEngine\src\ui\scripted_ui_panel.cpp">
      <Filter>src\ui</Filter>
    </ClCompile>
    <ClCompile Include="E:\Documents\SanityEngine\SanityEngine\src\ui\ui_components.cpp">
      <Filter>src\ui</Filter>
    </ClCompile>
    <ClCompile Include="E:\Documents\SanityEngine\SanityEngine\src\windows\windows_helpers.cpp">
      <Filter>src\windows</Filter>
    </ClCompile>
    <ClCompile Include="E:\Documents\SanityEngine\SanityEngine\src\world\environment\environment_object.cpp">
      <Filter>src\world\environment</Filter>
    </ClCompile>
    <ClCompile Include="E:\Documents\SanityEngine\SanityEngine\src\world\generation\gpu_terrain_generation.cpp">
      <Filter>src\world\generation</Filter>
    </ClCompile>
    <ClCompile Include="E:\Documents\SanityEngine\SanityEngine\src\world\terrain.cpp">
      <Filter>src\world</Filter>
    </ClCompile>
    <ClCompile Include="E:\Documents\SanityEngine\SanityEngine\src\world\world.cpp">
      <Filter>src\world</Filter>
    </ClCompile>
    <ClCompile Include="E:\Documents\SanityEngine\SanityEngine\extern\rex\include\rx\console\command.cpp">
      <Filter>rx\console</Filter>
    </ClCompile>
    <ClCompile Include="E:\Documents\SanityEngine\SanityEngine\extern\rex\include\rx\console\interface.cpp">
      <Filter>rx\console</Filter>
    </ClCompile>
    <ClCompile Include="E:\Documents\SanityEngine\SanityEngine\extern\rex\include\rx\console\parser.cpp">
      <Filter>rx\console</Filter>
    </ClCompile>
    <ClCompile Include="E:\Documents\SanityEngine\SanityEngine\extern\rex\include\rx\console\variable.cpp">
      <Filter>rx\console</Filter>
    </ClCompile>
    <ClCompile Include="E:\Documents\SanityEngine\SanityEngine\extern\rex\include\rx\core\abort.cpp">
      <Filter>rx\core</Filter>
    </ClCompile>
    <ClCompile Include="E:\Documents\SanityEngine\SanityEngine\extern\rex\include\rx\core\assert.cpp">
      <Filter>rx\core</Filter>
    </ClCompile>
    <ClCompile Include="E:\Documents\SanityEngine\SanityEngine\extern\rex\include\rx\core\bitset.cpp">
      <Filter>rx\core</Filter>
    </ClCompile>
    <ClCompile Include="E:\Documents\SanityEngine\SanityEngine\extern\rex\include\rx\core\concurrency\condition_variable.cpp">
      <Filter>rx\core\concurrency</Filter>
    </ClCompile>
    <ClCompile Include="E:\Documents\SanityEngine\SanityEngine\extern\rex\include\rx\core\concurrency\mutex.cpp">
      <Filter>rx\core\concurrency</Filter>
    </ClCompile>
    <ClCompile Include="E:\Documents\SanityEngine\SanityEngine\extern\rex\include\rx\core\concurrency\recursive_mutex.cpp">
      <Filter>rx\core\concurrency</Filter>
    </ClCompile>
    <ClCompile Include="E:\Documents\SanityEngine\SanityEngine\extern\rex\include\rx\core\concurrency\spin_lock.cpp">
      <Filter>rx\core\concurrency</Filter>
    </ClCompile>
    <ClCompile Include="E:\Documents\SanityEngine\SanityEngine\extern\rex\include\rx\core\concurrency\thread.cpp">
      <Filter>rx\core\concurrency</Filter>
    </ClCompile>
    <ClCompile Include="E:\Documents\SanityEngine\SanityEngine\extern\rex\include\rx\core\concurrency\thread_pool.cpp">
      <Filter>rx\core\concurrency</Filter>
    </ClCompile>
    <ClCompile Include="E:\Documents\SanityEngine\SanityEngine\extern\rex\include\rx\core\concurrency\wait_group.cpp">
      <Filter>rx\core\concurrency</Filter>
    </ClCompile>
    <ClCompile Include="E:\Documents\SanityEngine\SanityEngine\extern\rex\include\rx\core\concurrency\yield.cpp">
      <Filter>rx\core\concurrency</Filter>
    </ClCompile>
    <ClCompile Include="E:\Documents\SanityEngine\SanityEngine\extern\rex\include\rx\core\dynamic_pool.cpp">
      <Filter>rx\core</Filter>
    </ClCompile>
    <ClCompile Include="E:\Documents\SanityEngine\SanityEngine\extern\rex\include\rx\core\filesystem\directory.cpp">
      <Filter>rx\core\filesystem</Filter>
    </ClCompile>
    <ClCompile Include="E:\Documents\SanityEngine\SanityEngine\extern\rex\include\rx\core\filesystem\file.cpp">
      <Filter>rx\core\filesystem</Filter>
    </ClCompile>
    <ClCompile Include="E:\Documents\SanityEngine\SanityEngine\extern\rex\include\rx\core\filesystem\path_resolver.cpp">
      <Filter>rx\core\filesystem</Filter>
    </ClCompile>
    <ClCompile Include="E:\Documents\SanityEngine\SanityEngine\extern\rex\include\rx\core\format.cpp">
      <Filter>rx\core</Filter>
    </ClCompile>
    <ClCompile Include="E:\Documents\SanityEngine\SanityEngine\extern\rex\include\rx\core\global.cpp">
      <Filter>rx\core</Filter>
    </ClCompile>
    <ClCompile Include="E:\Documents\SanityEngine\SanityEngine\extern\rex\include\rx\core\hash\fnv1a.cpp">
      <Filter>rx\core\hash</Filter>
    </ClCompile>
    <ClCompile Include="E:\Documents\SanityEngine\SanityEngine\extern\rex\include\rx\core\intrusive_list.cpp">
      <Filter>rx\core</Filter>
    </ClCompile>
    <ClCompile Include="E:\Documents\SanityEngine\SanityEngine\extern\rex\include\rx\core\intrusive_xor_list.cpp">
      <Filter>rx\core</Filter>
    </ClCompile>
    <ClCompile Include="E:\Documents\SanityEngine\SanityEngine\extern\rex\include\rx\core\library\loader.cpp">
      <Filter>rx\core\library</Filter>
    </ClCompile>
    <ClCompile Include="E:\Documents\SanityEngine\SanityEngine\extern\rex\include\rx\core\log.cpp">
      <Filter>rx\core</Filter>
    </ClCompile>
    <ClCompile Include="E:\Documents\SanityEngine\SanityEngine\extern\rex\include\rx\core\math\abs.cpp">
      <Filter>rx\core\math</Filter>
    </ClCompile>
    <ClCompile Include="E:\Documents\SanityEngine\SanityEngine\extern\rex\include\rx\core\math\ceil.cpp">
      <Filter>rx\core\math</Filter>
    </ClCompile>
    <ClCompile Include="E:\Documents\SanityEngine\SanityEngine\extern\rex\include\rx\core\math\cos.cpp">
      <Filter>rx\core\math</Filter>
    </ClCompile>
    <ClCompile Include="E:\Documents\SanityEngine\SanityEngine\extern\rex\include\rx\core\math\floor.cpp">
      <Filter>rx\core\math</Filter>
    </ClCompile>
    <ClCompile Include="E:\Documents\SanityEngine\SanityEngine\extern\rex\include\rx\core\math\half.cpp">
      <Filter>rx\core\math</Filter>
    </ClCompile>
    <ClCompile Include="E:\Documents\SanityEngine\SanityEngine\extern\rex\include\rx\core\math\mod.cpp">
      <Filter>rx\core\math</Filter>
    </ClCompile>
    <ClCompile Include="E:\Documents\SanityEngine\SanityEngine\extern\rex\include\rx\core\math\pow.cpp">
      <Filter>rx\core\math</Filter>
    </ClCompile>
    <ClCompile Include="E:\Documents\SanityEngine\SanityEngine\extern\rex\include\rx\core\math\round.cpp">
      <Filter>rx\core\math</Filter>
    </ClCompile>
    <ClCompile Include="E:\Documents\SanityEngine\SanityEngine\extern\rex\include\rx\core\math\sin.cpp">
      <Filter>rx\core\math</Filter>
    </ClCompile>
    <ClCompile Include="E:\Documents\SanityEngine\SanityEngine\extern\rex\include\rx\core\math\sqrt.cpp">
      <Filter>rx\core\math</Filter>
    </ClCompile>
    <ClCompile Include="E:\Documents\SanityEngine\SanityEngine\extern\rex\include\rx\core\math\tan.cpp">
      <Filter>rx\core\math</Filter>
    </ClCompile>
    <ClCompile Include="E:\Documents\SanityEngine\SanityEngine\extern\rex\include\rx\core\memory\aggregate.cpp">
      <Filter>rx\core\memory</Filter>
    </ClCompile>
    <ClCompile Include="E:\Documents\SanityEngine\SanityEngine\extern\rex\include\rx\core\memory\allocator.cpp">
      <Filter>rx\core\memory</Filter>
    </ClCompile>
    <ClCompile Include="E:\Documents\SanityEngine\SanityEngine\extern\rex\include\rx\core\memory\buddy_allocator.cpp">
      <Filter>rx\core\memory</Filter>
    </ClCompile>
    <ClCompile Include="E:\Documents\SanityEngine\SanityEngine\extern\rex\include\rx\core\memory\bump_point_allocator.cpp">
      <Filter>rx\core\memory</Filter>
    </ClCompile>
    <ClCompile Include="E:\Documents\SanityEngine\SanityEngine\extern\rex\include\rx\core\memory\electric_fence_allocator.cpp">
      <Filter>rx\core\memory</Filter>
    </ClCompile>
    <ClCompile Include="E:\Documents\SanityEngine\SanityEngine\extern\rex\include\rx\core\memory\heap_allocator.cpp">
      <Filter>rx\core\memory</Filter>
    </ClCompile>
    <ClCompile Include="E:\Documents\SanityEngine\SanityEngine\extern\rex\include\rx\core\memory\single_shot_allocator.cpp">
      <Filter>rx\core\memory</Filter>
    </ClCompile>
    <ClCompile Include="E:\Documents\SanityEngine\SanityEngine\extern\rex\include\rx\core\memory\stats_allocator.cpp">
      <Filter>rx\core\memory</Filter>
    </ClCompile>
    <ClCompile Include="E:\Documents\SanityEngine\SanityEngine\extern\rex\include\rx\core\memory\system_allocator.cpp">
      <Filter>rx\core\memory</Filter>
    </ClCompile>
    <ClCompile Include="E:\Documents\SanityEngine\SanityEngine\extern\rex\include\rx\core\memory\vma.cpp">
      <Filter>rx\core\memory</Filter>
    </ClCompile>
    <ClCompile Include="E:\Documents\SanityEngine\SanityEngine\extern\rex\include\rx\core\prng\mt19937.cpp">
      <Filter>rx\core\prng</Filter>
    </ClCompile>
    <ClCompile Include="E:\Documents\SanityEngine\SanityEngine\extern\rex\include\rx\core\profiler.cpp">
      <Filter>rx\core</Filter>
    </ClCompile>
    <ClCompile Include="E:\Documents\SanityEngine\SanityEngine\extern\rex\include\rx\core\serialize\buffer.cpp">
      <Filter>rx\core\serialize</Filter>
    </ClCompile>
    <ClCompile Include="E:\Documents\SanityEngine\SanityEngine\extern\rex\include\rx\core\serialize\decoder.cpp">
      <Filter>rx\core\serialize</Filter>
    </ClCompile>
    <ClCompile Include="E:\Documents\SanityEngine\SanityEngine\extern\rex\include\rx\core\serialize\encoder.cpp">
      <Filter>rx\core\serialize</Filter>
    </ClCompile>
    <ClCompile Include="E:\Documents\SanityEngine\SanityEngine\extern\rex\include\rx\core\static_pool.cpp">
      <Filter>rx\core</Filter>
    </ClCompile>
    <ClCompile Include="E:\Documents\SanityEngine\SanityEngine\extern\rex\include\rx\core\stream.cpp">
      <Filter>rx\core</Filter>
    </ClCompile>
    <ClCompile Include="E:\Documents\SanityEngine\SanityEngine\extern\rex\include\rx\core\string.cpp">
      <Filter>rx\core</Filter>
    </ClCompile>
    <ClCompile Include="E:\Documents\SanityEngine\SanityEngine\extern\rex\include\rx\core\string_table.cpp">
      <Filter>rx\core</Filter>
    </ClCompile>
    <ClCompile Include="E:\Documents\SanityEngine\SanityEngine\extern\rex\include\rx\core\time\delay.cpp">
      <Filter>rx\core\time</Filter>
    </ClCompile>
    <ClCompile Include="E:\Documents\SanityEngine\SanityEngine\extern\rex\include\rx\core\time\qpc.cpp">
      <Filter>rx\core\time</Filter>
    </ClCompile>
    <ClCompile Include="E:\Documents\SanityEngine\SanityEngine\extern\rex\include\rx\core\time\span.cpp">
      <Filter>rx\core\time</Filter>
    </ClCompile>
    <ClCompile Include="E:\Documents\SanityEngine\SanityEngine\extern\rex\include\rx\core\time\stop_watch.cpp">
      <Filter>rx\core\time</Filter>
    </ClCompile>
    <ClCompile Include="E:\Documents\SanityEngine\SanityEngine\extern\rex\include\rx\core\vector.cpp">
      <Filter>rx\core</Filter>
    </ClCompile>
    <ClCompile Include="E:\Documents\SanityEngine\SanityEngine\extern\rex\include\rx\math\aabb.cpp">
      <Filter>rx\math</Filter>
    </ClCompile>
    <ClCompile Include="E:\Documents\SanityEngine\SanityEngine\extern\rex\include\rx\math\frustum.cpp">
      <Filter>rx\math</Filter>
    </ClCompile>
    <ClCompile Include="E:\Documents\SanityEngine\SanityEngine\extern\rex\include\rx\math\mat3x3.cpp">
      <Filter>rx\math</Filter>
    </ClCompile>
    <ClCompile Include="E:\Documents\SanityEngine\SanityEngine\extern\rex\include\rx\math\mat3x4.cpp">
      <Filter>rx\math</Filter>
    </ClCompile>
    <ClCompile Include="E:\Documents\SanityEngine\SanityEngine\extern\rex\include\rx\math\noise\perlin.cpp">
      <Filter>rx\math\noise</Filter>
    </ClCompile>
    <ClCompile Include="E:\Documents\SanityEngine\SanityEngine\extern\rex\include\rx\math\quat.cpp">
      <Filter>rx\math</Filter>
    </ClCompile>
    <ClCompile Include="E:\Documents\SanityEngine\SanityEngine\extern\rex\include\rx\math\sphere.cpp">
      <Filter>rx\math</Filter>
    </ClCompile>
    <ClCompile Include="E:\Documents\SanityEngine\SanityEngine\extern\rex\include\rx\math\vec2.cpp">
      <Filter>rx\math</Filter>
    </ClCompile>
    <ClCompile Include="E:\Documents\SanityEngine\SanityEngine\extern\rex\include\rx\math\vec3.cpp">
      <Filter>rx\math</Filter>
    </ClCompile>
    <ClCompile Include="E:\Documents\SanityEngine\SanityEngine\extern\rex\include\rx\math\vec4.cpp">
      <Filter>rx\math</Filter>
    </ClCompile>
    <ClCompile Include="E:\Documents\SanityEngine\SanityEngine\extern\D3D12MemoryAllocator\D3D12MemAlloc.cpp">
      <Filter>D3D12MemoryAllocator</Filter>
    </ClCompile>
    <ClCompile Include="E:\Documents\SanityEngine\SanityEngine\extern\tracy\imgui\imgui.cpp">
      <Filter>tracy\imgui</Filter>
    </ClCompile>
    <ClCompile Include="E:\Documents\SanityEngine\SanityEngine\extern\tracy\imgui\imgui_draw.cpp">
      <Filter>tracy\imgui</Filter>
    </ClCompile>
    <ClCompile Include="E:\Documents\SanityEngine\SanityEngine\extern\tracy\imgui\imgui_widgets.cpp">
      <Filter>tracy\imgui</Filter>
    </ClCompile>
    <ClCompile Include="E:\Documents\SanityEngine\SanityEngine\extern\tracy\imgui\imgui_demo.cpp">
      <Filter>tracy\imgui</Filter>
    </ClCompile>
    <ClCompile Include="E:\Documents\SanityEngine\SanityEngine\extern\tracy\TracyClient.cpp">
      <Filter>tracy</Filter>
    </ClCompile>
  </ItemGroup>
  <ItemGroup>
    <ClInclude Include="E:\Documents\SanityEngine\SanityEngine\src\adapters\rex\rex_wrapper.hpp">
      <Filter>src\adapters\rex</Filter>
    </ClInclude>
    <ClInclude Include="E:\Documents\SanityEngine\SanityEngine\src\adapters\rex\stdout_stream.hpp">
      <Filter>src\adapters\rex</Filter>
    </ClInclude>
    <ClInclude Include="E:\Documents\SanityEngine\SanityEngine\src\adapters\tracy.hpp">
      <Filter>src\adapters</Filter>
    </ClInclude>
    <ClInclude Include="E:\Documents\SanityEngine\SanityEngine\src\bve\bve_wrapper.hpp">
      <Filter>src\bve</Filter>
    </ClInclude>
    <ClInclude Include="E:\Documents\SanityEngine\SanityEngine\src\bve\train_components.hpp">
      <Filter>src\bve</Filter>
    </ClInclude>
    <ClInclude Include="E:\Documents\SanityEngine\SanityEngine\src\core\align.hpp">
      <Filter>src\core</Filter>
    </ClInclude>
    <ClInclude Include="E:\Documents\SanityEngine\SanityEngine\src\core\ansi_colors.hpp">
      <Filter>src\core</Filter>
    </ClInclude>
    <ClInclude Include="E:\Documents\SanityEngine\SanityEngine\src\core\asset_registry.hpp">
      <Filter>src\core</Filter>
    </ClInclude>
    <ClInclude Include="E:\Documents\SanityEngine\SanityEngine\src\core\async\synchronized_resource.hpp">
      <Filter>src\core\async</Filter>
    </ClInclude>
    <ClInclude Include="E:\Documents\SanityEngine\SanityEngine\src\core\components.hpp">
      <Filter>src\core</Filter>
    </ClInclude>
    <ClInclude Include="E:\Documents\SanityEngine\SanityEngine\src\core\constants.hpp">
      <Filter>src\core</Filter>
    </ClInclude>
    <ClInclude Include="E:\Documents\SanityEngine\SanityEngine\src\core\defer.hpp">
      <Filter>src\core</Filter>
    </ClInclude>
    <ClInclude Include="E:\Documents\SanityEngine\SanityEngine\src\core\errors.hpp">
      <Filter>src\core</Filter>
    </ClInclude>
    <ClInclude Include="E:\Documents\SanityEngine\SanityEngine\src\core\pix_colors.hpp">
      <Filter>src\core</Filter>
    </ClInclude>
    <ClInclude Include="E:\Documents\SanityEngine\SanityEngine\src\core\types.hpp">
      <Filter>src\core</Filter>
    </ClInclude>
    <ClInclude Include="E:\Documents\SanityEngine\SanityEngine\src\coreclr\core_clr_host.hpp">
      <Filter>src\coreclr</Filter>
    </ClInclude>
    <ClInclude Include="E:\Documents\SanityEngine\SanityEngine\src\game\game.hpp">
      <Filter>src\game</Filter>
    </ClInclude>
    <ClInclude Include="E:\Documents\SanityEngine\SanityEngine\src\globals.hpp">
      <Filter>src</Filter>
    </ClInclude>
    <ClInclude Include="E:\Documents\SanityEngine\SanityEngine\src\input\input_manager.hpp">
      <Filter>src\input</Filter>
    </ClInclude>
    <ClInclude Include="E:\Documents\SanityEngine\SanityEngine\src\loading\entity_loading.hpp">
      <Filter>src\loading</Filter>
    </ClInclude>
    <ClInclude Include="E:\Documents\SanityEngine\SanityEngine\src\loading\image_loading.hpp">
      <Filter>src\loading</Filter>
    </ClInclude>
    <ClInclude Include="E:\Documents\SanityEngine\SanityEngine\src\loading\mesh_loading.hpp">
      <Filter>src\loading</Filter>
    </ClInclude>
    <ClInclude Include="E:\Documents\SanityEngine\SanityEngine\src\loading\shader_loading.hpp">
      <Filter>src\loading</Filter>
    </ClInclude>
    <ClInclude Include="E:\Documents\SanityEngine\SanityEngine\src\noise\FastNoiseSIMD\FastNoiseSIMD.h">
      <Filter>src\noise\FastNoiseSIMD</Filter>
    </ClInclude>
    <ClInclude Include="E:\Documents\SanityEngine\SanityEngine\src\noise\FastNoiseSIMD\FastNoiseSIMD_internal.h">
      <Filter>src\noise\FastNoiseSIMD</Filter>
    </ClInclude>
    <ClInclude Include="E:\Documents\SanityEngine\SanityEngine\src\player\components.hpp">
      <Filter>src\player</Filter>
    </ClInclude>
    <ClInclude Include="E:\Documents\SanityEngine\SanityEngine\src\player\first_person_controller.hpp">
      <Filter>src\player</Filter>
    </ClInclude>
    <ClInclude Include="E:\Documents\SanityEngine\SanityEngine\src\player\flycam_controller.hpp">
      <Filter>src\player</Filter>
    </ClInclude>
    <ClInclude Include="E:\Documents\SanityEngine\SanityEngine\src\renderer\camera_matrix_buffer.hpp">
      <Filter>src\renderer</Filter>
    </ClInclude>
    <ClInclude Include="E:\Documents\SanityEngine\SanityEngine\src\renderer\debugging\pix.hpp">
      <Filter>src\renderer\debugging</Filter>
    </ClInclude>
    <ClInclude Include="E:\Documents\SanityEngine\SanityEngine\src\renderer\handles.hpp">
      <Filter>src\renderer</Filter>
    </ClInclude>
    <ClInclude Include="E:\Documents\SanityEngine\SanityEngine\src\renderer\lights.hpp">
      <Filter>src\renderer</Filter>
    </ClInclude>
    <ClInclude Include="E:\Documents\SanityEngine\SanityEngine\src\renderer\material.hpp">
      <Filter>src\renderer</Filter>
    </ClInclude>
    <ClInclude Include="E:\Documents\SanityEngine\SanityEngine\src\renderer\mesh.hpp">
      <Filter>src\renderer</Filter>
    </ClInclude>
    <ClInclude Include="E:\Documents\SanityEngine\SanityEngine\src\renderer\render_components.hpp">
      <Filter>src\renderer</Filter>
    </ClInclude>
    <ClInclude Include="E:\Documents\SanityEngine\SanityEngine\src\renderer\renderer.hpp">
      <Filter>src\renderer</Filter>
    </ClInclude>
    <ClInclude Include="E:\Documents\SanityEngine\SanityEngine\src\renderer\renderpass.hpp">
      <Filter>src\renderer</Filter>
    </ClInclude>
    <ClInclude Include="E:\Documents\SanityEngine\SanityEngine\src\renderer\renderpasses\backbuffer_output_pass.hpp">
      <Filter>src\renderer\renderpasses</Filter>
    </ClInclude>
    <ClInclude Include="E:\Documents\SanityEngine\SanityEngine\src\renderer\renderpasses\denoiser_pass.hpp">
      <Filter>src\renderer\renderpasses</Filter>
    </ClInclude>
    <ClInclude Include="E:\Documents\SanityEngine\SanityEngine\src\renderer\renderpasses\forward_pass.hpp">
      <Filter>src\renderer\renderpasses</Filter>
    </ClInclude>
    <ClInclude Include="E:\Documents\SanityEngine\SanityEngine\src\renderer\renderpasses\ui_render_pass.hpp">
      <Filter>src\renderer\renderpasses</Filter>
    </ClInclude>
    <ClInclude Include="E:\Documents\SanityEngine\SanityEngine\src\renderer\rhi\command_list.hpp">
      <Filter>src\renderer\rhi</Filter>
    </ClInclude>
    <ClInclude Include="E:\Documents\SanityEngine\SanityEngine\src\renderer\rhi\d3d12_private_data.hpp">
      <Filter>src\renderer\rhi</Filter>
    </ClInclude>
    <ClInclude Include="E:\Documents\SanityEngine\SanityEngine\src\renderer\standard_material.hpp">
      <Filter>src\renderer</Filter>
    </ClInclude>
    <ClInclude Include="E:\Documents\SanityEngine\SanityEngine\src\rhi\bind_group.hpp">
      <Filter>src\rhi</Filter>
    </ClInclude>
    <ClInclude Include="E:\Documents\SanityEngine\SanityEngine\src\rhi\d3dx12.hpp">
      <Filter>src\rhi</Filter>
    </ClInclude>
    <ClInclude Include="E:\Documents\SanityEngine\SanityEngine\src\rhi\descriptor_allocator.hpp">
      <Filter>src\rhi</Filter>
    </ClInclude>
    <ClInclude Include="E:\Documents\SanityEngine\SanityEngine\src\rhi\framebuffer.hpp">
      <Filter>src\rhi</Filter>
    </ClInclude>
    <ClInclude Include="E:\Documents\SanityEngine\SanityEngine\src\rhi\helpers.hpp">
      <Filter>src\rhi</Filter>
    </ClInclude>
    <ClInclude Include="E:\Documents\SanityEngine\SanityEngine\src\rhi\mesh_data_store.hpp">
      <Filter>src\rhi</Filter>
    </ClInclude>
    <ClInclude Include="E:\Documents\SanityEngine\SanityEngine\src\rhi\raytracing_structs.hpp">
      <Filter>src\rhi</Filter>
    </ClInclude>
    <ClInclude Include="E:\Documents\SanityEngine\SanityEngine\src\rhi\render_device.hpp">
      <Filter>src\rhi</Filter>
    </ClInclude>
    <ClInclude Include="E:\Documents\SanityEngine\SanityEngine\src\rhi\render_pipeline_state.hpp">
      <Filter>src\rhi</Filter>
    </ClInclude>
    <ClInclude Include="E:\Documents\SanityEngine\SanityEngine\src\rhi\resources.hpp">
      <Filter>src\rhi</Filter>
    </ClInclude>
    <ClInclude Include="E:\Documents\SanityEngine\SanityEngine\src\sanity_engine.hpp">
      <Filter>src</Filter>
    </ClInclude>
    <ClInclude Include="E:\Documents\SanityEngine\SanityEngine\src\serialization\serialization.hpp">
      <Filter>src\serialization</Filter>
    </ClInclude>
    <ClInclude Include="E:\Documents\SanityEngine\SanityEngine\src\settings.hpp">
      <Filter>src</Filter>
    </ClInclude>
    <ClInclude Include="E:\Documents\SanityEngine\SanityEngine\src\stats\framerate_tracker.hpp">
      <Filter>src\stats</Filter>
    </ClInclude>
    <ClInclude Include="E:\Documents\SanityEngine\SanityEngine\src\ui\dear_imgui_adapter.hpp">
      <Filter>src\ui</Filter>
    </ClInclude>
    <ClInclude Include="E:\Documents\SanityEngine\SanityEngine\src\ui\fps_display.hpp">
      <Filter>src\ui</Filter>
    </ClInclude>
    <ClInclude Include="E:\Documents\SanityEngine\SanityEngine\src\ui\scripted_ui_panel.hpp">
      <Filter>src\ui</Filter>
    </ClInclude>
    <ClInclude Include="E:\Documents\SanityEngine\SanityEngine\src\ui\ui_components.hpp">
      <Filter>src\ui</Filter>
    </ClInclude>
    <ClInclude Include="E:\Documents\SanityEngine\SanityEngine\src\ui\ui_panel.hpp">
      <Filter>src\ui</Filter>
    </ClInclude>
    <ClInclude Include="E:\Documents\SanityEngine\SanityEngine\src\windows\windows_helpers.hpp">
      <Filter>src\windows</Filter>
    </ClInclude>
    <ClInclude Include="E:\Documents\SanityEngine\SanityEngine\src\world\environment\environment_object.hpp">
      <Filter>src\world\environment</Filter>
    </ClInclude>
    <ClInclude Include="E:\Documents\SanityEngine\SanityEngine\src\world\generation\gpu_terrain_generation.hpp">
      <Filter>src\world\generation</Filter>
    </ClInclude>
    <ClInclude Include="E:\Documents\SanityEngine\SanityEngine\src\world\terrain.hpp">
      <Filter>src\world</Filter>
    </ClInclude>
    <ClInclude Include="E:\Documents\SanityEngine\SanityEngine\src\world\world.hpp">
      <Filter>src\world</Filter>
    </ClInclude>
    <ClInclude Include="E:\Documents\SanityEngine\SanityEngine\extern\rex\include\rx\console\command.h">
      <Filter>rx\console</Filter>
    </ClInclude>
    <ClInclude Include="E:\Documents\SanityEngine\SanityEngine\extern\rex\include\rx\console\interface.h">
      <Filter>rx\console</Filter>
    </ClInclude>
    <ClInclude Include="E:\Documents\SanityEngine\SanityEngine\extern\rex\include\rx\console\parser.h">
      <Filter>rx\console</Filter>
    </ClInclude>
    <ClInclude Include="E:\Documents\SanityEngine\SanityEngine\extern\rex\include\rx\console\variable.h">
      <Filter>rx\console</Filter>
    </ClInclude>
    <ClInclude Include="E:\Documents\SanityEngine\SanityEngine\extern\rex\include\rx\core\abort.h">
      <Filter>rx\core</Filter>
    </ClInclude>
    <ClInclude Include="E:\Documents\SanityEngine\SanityEngine\extern\rex\include\rx\core\algorithm\clamp.h">
      <Filter>rx\core\algorithm</Filter>
    </ClInclude>
    <ClInclude Include="E:\Documents\SanityEngine\SanityEngine\extern\rex\include\rx\core\algorithm\insertion_sort.h">
      <Filter>rx\core\algorithm</Filter>
    </ClInclude>
    <ClInclude Include="E:\Documents\SanityEngine\SanityEngine\extern\rex\include\rx\core\algorithm\max.h">
      <Filter>rx\core\algorithm</Filter>
    </ClInclude>
    <ClInclude Include="E:\Documents\SanityEngine\SanityEngine\extern\rex\include\rx\core\algorithm\min.h">
      <Filter>rx\core\algorithm</Filter>
    </ClInclude>
    <ClInclude Include="E:\Documents\SanityEngine\SanityEngine\extern\rex\include\rx\core\algorithm\quick_sort.h">
      <Filter>rx\core\algorithm</Filter>
    </ClInclude>
    <ClInclude Include="E:\Documents\SanityEngine\SanityEngine\extern\rex\include\rx\core\algorithm\topological_sort.h">
      <Filter>rx\core\algorithm</Filter>
    </ClInclude>
    <ClInclude Include="E:\Documents\SanityEngine\SanityEngine\extern\rex\include\rx\core\array.h">
      <Filter>rx\core</Filter>
    </ClInclude>
    <ClInclude Include="E:\Documents\SanityEngine\SanityEngine\extern\rex\include\rx\core\assert.h">
      <Filter>rx\core</Filter>
    </ClInclude>
    <ClInclude Include="E:\Documents\SanityEngine\SanityEngine\extern\rex\include\rx\core\bitset.h">
      <Filter>rx\core</Filter>
    </ClInclude>
    <ClInclude Include="E:\Documents\SanityEngine\SanityEngine\extern\rex\include\rx\core\concepts\interface.h">
      <Filter>rx\core\concepts</Filter>
    </ClInclude>
    <ClInclude Include="E:\Documents\SanityEngine\SanityEngine\extern\rex\include\rx\core\concepts\no_copy.h">
      <Filter>rx\core\concepts</Filter>
    </ClInclude>
    <ClInclude Include="E:\Documents\SanityEngine\SanityEngine\extern\rex\include\rx\core\concepts\no_move.h">
      <Filter>rx\core\concepts</Filter>
    </ClInclude>
    <ClInclude Include="E:\Documents\SanityEngine\SanityEngine\extern\rex\include\rx\core\concurrency\atomic.h">
      <Filter>rx\core\concurrency</Filter>
    </ClInclude>
    <ClInclude Include="E:\Documents\SanityEngine\SanityEngine\extern\rex\include\rx\core\concurrency\clang\atomic.h">
      <Filter>rx\core\concurrency\clang</Filter>
    </ClInclude>
    <ClInclude Include="E:\Documents\SanityEngine\SanityEngine\extern\rex\include\rx\core\concurrency\condition_variable.h">
      <Filter>rx\core\concurrency</Filter>
    </ClInclude>
    <ClInclude Include="E:\Documents\SanityEngine\SanityEngine\extern\rex\include\rx\core\concurrency\gcc\atomic.h">
      <Filter>rx\core\concurrency\gcc</Filter>
    </ClInclude>
    <ClInclude Include="E:\Documents\SanityEngine\SanityEngine\extern\rex\include\rx\core\concurrency\mutex.h">
      <Filter>rx\core\concurrency</Filter>
    </ClInclude>
    <ClInclude Include="E:\Documents\SanityEngine\SanityEngine\extern\rex\include\rx\core\concurrency\recursive_mutex.h">
      <Filter>rx\core\concurrency</Filter>
    </ClInclude>
    <ClInclude Include="E:\Documents\SanityEngine\SanityEngine\extern\rex\include\rx\core\concurrency\scope_lock.h">
      <Filter>rx\core\concurrency</Filter>
    </ClInclude>
    <ClInclude Include="E:\Documents\SanityEngine\SanityEngine\extern\rex\include\rx\core\concurrency\scope_unlock.h">
      <Filter>rx\core\concurrency</Filter>
    </ClInclude>
    <ClInclude Include="E:\Documents\SanityEngine\SanityEngine\extern\rex\include\rx\core\concurrency\spin_lock.h">
      <Filter>rx\core\concurrency</Filter>
    </ClInclude>
    <ClInclude Include="E:\Documents\SanityEngine\SanityEngine\extern\rex\include\rx\core\concurrency\std\atomic.h">
      <Filter>rx\core\concurrency\std</Filter>
    </ClInclude>
    <ClInclude Include="E:\Documents\SanityEngine\SanityEngine\extern\rex\include\rx\core\concurrency\thread.h">
      <Filter>rx\core\concurrency</Filter>
    </ClInclude>
    <ClInclude Include="E:\Documents\SanityEngine\SanityEngine\extern\rex\include\rx\core\concurrency\thread_pool.h">
      <Filter>rx\core\concurrency</Filter>
    </ClInclude>
    <ClInclude Include="E:\Documents\SanityEngine\SanityEngine\extern\rex\include\rx\core\concurrency\wait_group.h">
      <Filter>rx\core\concurrency</Filter>
    </ClInclude>
    <ClInclude Include="E:\Documents\SanityEngine\SanityEngine\extern\rex\include\rx\core\concurrency\yield.h">
      <Filter>rx\core\concurrency</Filter>
    </ClInclude>
    <ClInclude Include="E:\Documents\SanityEngine\SanityEngine\extern\rex\include\rx\core\config.h">
      <Filter>rx\core</Filter>
    </ClInclude>
    <ClInclude Include="E:\Documents\SanityEngine\SanityEngine\extern\rex\include\rx\core\deferred_function.h">
      <Filter>rx\core</Filter>
    </ClInclude>
    <ClInclude Include="E:\Documents\SanityEngine\SanityEngine\extern\rex\include\rx\core\dynamic_pool.h">
      <Filter>rx\core</Filter>
    </ClInclude>
    <ClInclude Include="E:\Documents\SanityEngine\SanityEngine\extern\rex\include\rx\core\event.h">
      <Filter>rx\core</Filter>
    </ClInclude>
    <ClInclude Include="E:\Documents\SanityEngine\SanityEngine\extern\rex\include\rx\core\filesystem\directory.h">
      <Filter>rx\core\filesystem</Filter>
    </ClInclude>
    <ClInclude Include="E:\Documents\SanityEngine\SanityEngine\extern\rex\include\rx\core\filesystem\file.h">
      <Filter>rx\core\filesystem</Filter>
    </ClInclude>
    <ClInclude Include="E:\Documents\SanityEngine\SanityEngine\extern\rex\include\rx\core\filesystem\path_resolver.h">
      <Filter>rx\core\filesystem</Filter>
    </ClInclude>
    <ClInclude Include="E:\Documents\SanityEngine\SanityEngine\extern\rex\include\rx\core\format.h">
      <Filter>rx\core</Filter>
    </ClInclude>
    <ClInclude Include="E:\Documents\SanityEngine\SanityEngine\extern\rex\include\rx\core\function.h">
      <Filter>rx\core</Filter>
    </ClInclude>
    <ClInclude Include="E:\Documents\SanityEngine\SanityEngine\extern\rex\include\rx\core\global.h">
      <Filter>rx\core</Filter>
    </ClInclude>
    <ClInclude Include="E:\Documents\SanityEngine\SanityEngine\extern\rex\include\rx\core\hash.h">
      <Filter>rx\core</Filter>
    </ClInclude>
    <ClInclude Include="E:\Documents\SanityEngine\SanityEngine\extern\rex\include\rx\core\hash\fnv1a.h">
      <Filter>rx\core\hash</Filter>
    </ClInclude>
    <ClInclude Include="E:\Documents\SanityEngine\SanityEngine\extern\rex\include\rx\core\hints\assume_aligned.h">
      <Filter>rx\core\hints</Filter>
    </ClInclude>
    <ClInclude Include="E:\Documents\SanityEngine\SanityEngine\extern\rex\include\rx\core\hints\empty_bases.h">
      <Filter>rx\core\hints</Filter>
    </ClInclude>
    <ClInclude Include="E:\Documents\SanityEngine\SanityEngine\extern\rex\include\rx\core\hints\force_inline.h">
      <Filter>rx\core\hints</Filter>
    </ClInclude>
    <ClInclude Include="E:\Documents\SanityEngine\SanityEngine\extern\rex\include\rx\core\hints\format.h">
      <Filter>rx\core\hints</Filter>
    </ClInclude>
    <ClInclude Include="E:\Documents\SanityEngine\SanityEngine\extern\rex\include\rx\core\hints\likely.h">
      <Filter>rx\core\hints</Filter>
    </ClInclude>
    <ClInclude Include="E:\Documents\SanityEngine\SanityEngine\extern\rex\include\rx\core\hints\may_alias.h">
      <Filter>rx\core\hints</Filter>
    </ClInclude>
    <ClInclude Include="E:\Documents\SanityEngine\SanityEngine\extern\rex\include\rx\core\hints\no_inline.h">
      <Filter>rx\core\hints</Filter>
    </ClInclude>
    <ClInclude Include="E:\Documents\SanityEngine\SanityEngine\extern\rex\include\rx\core\hints\restrict.h">
      <Filter>rx\core\hints</Filter>
    </ClInclude>
    <ClInclude Include="E:\Documents\SanityEngine\SanityEngine\extern\rex\include\rx\core\hints\thread.h">
      <Filter>rx\core\hints</Filter>
    </ClInclude>
    <ClInclude Include="E:\Documents\SanityEngine\SanityEngine\extern\rex\include\rx\core\hints\unlikely.h">
      <Filter>rx\core\hints</Filter>
    </ClInclude>
    <ClInclude Include="E:\Documents\SanityEngine\SanityEngine\extern\rex\include\rx\core\hints\unreachable.h">
      <Filter>rx\core\hints</Filter>
    </ClInclude>
    <ClInclude Include="E:\Documents\SanityEngine\SanityEngine\extern\rex\include\rx\core\intrusive_list.h">
      <Filter>rx\core</Filter>
    </ClInclude>
    <ClInclude Include="E:\Documents\SanityEngine\SanityEngine\extern\rex\include\rx\core\intrusive_xor_list.h">
      <Filter>rx\core</Filter>
    </ClInclude>
    <ClInclude Include="E:\Documents\SanityEngine\SanityEngine\extern\rex\include\rx\core\library\loader.h">
      <Filter>rx\core\library</Filter>
    </ClInclude>
    <ClInclude Include="E:\Documents\SanityEngine\SanityEngine\extern\rex\include\rx\core\log.h">
      <Filter>rx\core</Filter>
    </ClInclude>
    <ClInclude Include="E:\Documents\SanityEngine\SanityEngine\extern\rex\include\rx\core\map.h">
      <Filter>rx\core</Filter>
    </ClInclude>
    <ClInclude Include="E:\Documents\SanityEngine\SanityEngine\extern\rex\include\rx\core\markers.h">
      <Filter>rx\core</Filter>
    </ClInclude>
    <ClInclude Include="E:\Documents\SanityEngine\SanityEngine\extern\rex\include\rx\core\math\abs.h">
      <Filter>rx\core\math</Filter>
    </ClInclude>
    <ClInclude Include="E:\Documents\SanityEngine\SanityEngine\extern\rex\include\rx\core\math\ceil.h">
      <Filter>rx\core\math</Filter>
    </ClInclude>
    <ClInclude Include="E:\Documents\SanityEngine\SanityEngine\extern\rex\include\rx\core\math\cos.h">
      <Filter>rx\core\math</Filter>
    </ClInclude>
    <ClInclude Include="E:\Documents\SanityEngine\SanityEngine\extern\rex\include\rx\core\math\floor.h">
      <Filter>rx\core\math</Filter>
    </ClInclude>
    <ClInclude Include="E:\Documents\SanityEngine\SanityEngine\extern\rex\include\rx\core\math\force_eval.h">
      <Filter>rx\core\math</Filter>
    </ClInclude>
    <ClInclude Include="E:\Documents\SanityEngine\SanityEngine\extern\rex\include\rx\core\math\half.h">
      <Filter>rx\core\math</Filter>
    </ClInclude>
    <ClInclude Include="E:\Documents\SanityEngine\SanityEngine\extern\rex\include\rx\core\math\isnan.h">
      <Filter>rx\core\math</Filter>
    </ClInclude>
    <ClInclude Include="E:\Documents\SanityEngine\SanityEngine\extern\rex\include\rx\core\math\log2.h">
      <Filter>rx\core\math</Filter>
    </ClInclude>
    <ClInclude Include="E:\Documents\SanityEngine\SanityEngine\extern\rex\include\rx\core\math\mod.h">
      <Filter>rx\core\math</Filter>
    </ClInclude>
    <ClInclude Include="E:\Documents\SanityEngine\SanityEngine\extern\rex\include\rx\core\math\pow.h">
      <Filter>rx\core\math</Filter>
    </ClInclude>
    <ClInclude Include="E:\Documents\SanityEngine\SanityEngine\extern\rex\include\rx\core\math\round.h">
      <Filter>rx\core\math</Filter>
    </ClInclude>
    <ClInclude Include="E:\Documents\SanityEngine\SanityEngine\extern\rex\include\rx\core\math\shape.h">
      <Filter>rx\core\math</Filter>
    </ClInclude>
    <ClInclude Include="E:\Documents\SanityEngine\SanityEngine\extern\rex\include\rx\core\math\sign.h">
      <Filter>rx\core\math</Filter>
    </ClInclude>
    <ClInclude Include="E:\Documents\SanityEngine\SanityEngine\extern\rex\include\rx\core\math\sin.h">
      <Filter>rx\core\math</Filter>
    </ClInclude>
    <ClInclude Include="E:\Documents\SanityEngine\SanityEngine\extern\rex\include\rx\core\math\sqrt.h">
      <Filter>rx\core\math</Filter>
    </ClInclude>
    <ClInclude Include="E:\Documents\SanityEngine\SanityEngine\extern\rex\include\rx\core\math\tan.h">
      <Filter>rx\core\math</Filter>
    </ClInclude>
    <ClInclude Include="E:\Documents\SanityEngine\SanityEngine\extern\rex\include\rx\core\memory\aggregate.h">
      <Filter>rx\core\memory</Filter>
    </ClInclude>
    <ClInclude Include="E:\Documents\SanityEngine\SanityEngine\extern\rex\include\rx\core\memory\allocator.h">
      <Filter>rx\core\memory</Filter>
    </ClInclude>
    <ClInclude Include="E:\Documents\SanityEngine\SanityEngine\extern\rex\include\rx\core\memory\buddy_allocator.h">
      <Filter>rx\core\memory</Filter>
    </ClInclude>
    <ClInclude Include="E:\Documents\SanityEngine\SanityEngine\extern\rex\include\rx\core\memory\bump_point_allocator.h">
      <Filter>rx\core\memory</Filter>
    </ClInclude>
    <ClInclude Include="E:\Documents\SanityEngine\SanityEngine\extern\rex\include\rx\core\memory\electric_fence_allocator.h">
      <Filter>rx\core\memory</Filter>
    </ClInclude>
    <ClInclude Include="E:\Documents\SanityEngine\SanityEngine\extern\rex\include\rx\core\memory\heap_allocator.h">
      <Filter>rx\core\memory</Filter>
    </ClInclude>
    <ClInclude Include="E:\Documents\SanityEngine\SanityEngine\extern\rex\include\rx\core\memory\single_shot_allocator.h">
      <Filter>rx\core\memory</Filter>
    </ClInclude>
    <ClInclude Include="E:\Documents\SanityEngine\SanityEngine\extern\rex\include\rx\core\memory\stats_allocator.h">
      <Filter>rx\core\memory</Filter>
    </ClInclude>
    <ClInclude Include="E:\Documents\SanityEngine\SanityEngine\extern\rex\include\rx\core\memory\system_allocator.h">
      <Filter>rx\core\memory</Filter>
    </ClInclude>
    <ClInclude Include="E:\Documents\SanityEngine\SanityEngine\extern\rex\include\rx\core\memory\uninitialized_storage.h">
      <Filter>rx\core\memory</Filter>
    </ClInclude>
    <ClInclude Include="E:\Documents\SanityEngine\SanityEngine\extern\rex\include\rx\core\memory\vma.h">
      <Filter>rx\core\memory</Filter>
    </ClInclude>
    <ClInclude Include="E:\Documents\SanityEngine\SanityEngine\extern\rex\include\rx\core\optional.h">
      <Filter>rx\core</Filter>
    </ClInclude>
    <ClInclude Include="E:\Documents\SanityEngine\SanityEngine\extern\rex\include\rx\core\prng\mt19937.h">
      <Filter>rx\core\prng</Filter>
    </ClInclude>
    <ClInclude Include="E:\Documents\SanityEngine\SanityEngine\extern\rex\include\rx\core\profiler.h">
      <Filter>rx\core</Filter>
    </ClInclude>
    <ClInclude Include="E:\Documents\SanityEngine\SanityEngine\extern\rex\include\rx\core\ptr.h">
      <Filter>rx\core</Filter>
    </ClInclude>
    <ClInclude Include="E:\Documents\SanityEngine\SanityEngine\extern\rex\include\rx\core\serialize\buffer.h">
      <Filter>rx\core\serialize</Filter>
    </ClInclude>
    <ClInclude Include="E:\Documents\SanityEngine\SanityEngine\extern\rex\include\rx\core\serialize\decoder.h">
      <Filter>rx\core\serialize</Filter>
    </ClInclude>
    <ClInclude Include="E:\Documents\SanityEngine\SanityEngine\extern\rex\include\rx\core\serialize\encoder.h">
      <Filter>rx\core\serialize</Filter>
    </ClInclude>
    <ClInclude Include="E:\Documents\SanityEngine\SanityEngine\extern\rex\include\rx\core\serialize\header.h">
      <Filter>rx\core\serialize</Filter>
    </ClInclude>
    <ClInclude Include="E:\Documents\SanityEngine\SanityEngine\extern\rex\include\rx\core\set.h">
      <Filter>rx\core</Filter>
    </ClInclude>
    <ClInclude Include="E:\Documents\SanityEngine\SanityEngine\extern\rex\include\rx\core\source_location.h">
      <Filter>rx\core</Filter>
    </ClInclude>
    <ClInclude Include="E:\Documents\SanityEngine\SanityEngine\extern\rex\include\rx\core\static_pool.h">
      <Filter>rx\core</Filter>
    </ClInclude>
    <ClInclude Include="E:\Documents\SanityEngine\SanityEngine\extern\rex\include\rx\core\stream.h">
      <Filter>rx\core</Filter>
    </ClInclude>
    <ClInclude Include="E:\Documents\SanityEngine\SanityEngine\extern\rex\include\rx\core\string.h">
      <Filter>rx\core</Filter>
    </ClInclude>
    <ClInclude Include="E:\Documents\SanityEngine\SanityEngine\extern\rex\include\rx\core\string_table.h">
      <Filter>rx\core</Filter>
    </ClInclude>
    <ClInclude Include="E:\Documents\SanityEngine\SanityEngine\extern\rex\include\rx\core\tagged_ptr.h">
      <Filter>rx\core</Filter>
    </ClInclude>
    <ClInclude Include="E:\Documents\SanityEngine\SanityEngine\extern\rex\include\rx\core\time\delay.h">
      <Filter>rx\core\time</Filter>
    </ClInclude>
    <ClInclude Include="E:\Documents\SanityEngine\SanityEngine\extern\rex\include\rx\core\time\qpc.h">
      <Filter>rx\core\time</Filter>
    </ClInclude>
    <ClInclude Include="E:\Documents\SanityEngine\SanityEngine\extern\rex\include\rx\core\time\span.h">
      <Filter>rx\core\time</Filter>
    </ClInclude>
    <ClInclude Include="E:\Documents\SanityEngine\SanityEngine\extern\rex\include\rx\core\time\stop_watch.h">
      <Filter>rx\core\time</Filter>
    </ClInclude>
    <ClInclude Include="E:\Documents\SanityEngine\SanityEngine\extern\rex\include\rx\core\traits\add_const.h">
      <Filter>rx\core\traits</Filter>
    </ClInclude>
    <ClInclude Include="E:\Documents\SanityEngine\SanityEngine\extern\rex\include\rx\core\traits\add_cv.h">
      <Filter>rx\core\traits</Filter>
    </ClInclude>
    <ClInclude Include="E:\Documents\SanityEngine\SanityEngine\extern\rex\include\rx\core\traits\add_lvalue_reference.h">
      <Filter>rx\core\traits</Filter>
    </ClInclude>
    <ClInclude Include="E:\Documents\SanityEngine\SanityEngine\extern\rex\include\rx\core\traits\add_pointer.h">
      <Filter>rx\core\traits</Filter>
    </ClInclude>
    <ClInclude Include="E:\Documents\SanityEngine\SanityEngine\extern\rex\include\rx\core\traits\add_rvalue_reference.h">
      <Filter>rx\core\traits</Filter>
    </ClInclude>
    <ClInclude Include="E:\Documents\SanityEngine\SanityEngine\extern\rex\include\rx\core\traits\add_volatile.h">
      <Filter>rx\core\traits</Filter>
    </ClInclude>
    <ClInclude Include="E:\Documents\SanityEngine\SanityEngine\extern\rex\include\rx\core\traits\conditional.h">
      <Filter>rx\core\traits</Filter>
    </ClInclude>
    <ClInclude Include="E:\Documents\SanityEngine\SanityEngine\extern\rex\include\rx\core\traits\decay.h">
      <Filter>rx\core\traits</Filter>
    </ClInclude>
    <ClInclude Include="E:\Documents\SanityEngine\SanityEngine\extern\rex\include\rx\core\traits\detect.h">
      <Filter>rx\core\traits</Filter>
    </ClInclude>
    <ClInclude Include="E:\Documents\SanityEngine\SanityEngine\extern\rex\include\rx\core\traits\enable_if.h">
      <Filter>rx\core\traits</Filter>
    </ClInclude>
    <ClInclude Include="E:\Documents\SanityEngine\SanityEngine\extern\rex\include\rx\core\traits\is_array.h">
      <Filter>rx\core\traits</Filter>
    </ClInclude>
    <ClInclude Include="E:\Documents\SanityEngine\SanityEngine\extern\rex\include\rx\core\traits\is_assignable.h">
      <Filter>rx\core\traits</Filter>
    </ClInclude>
    <ClInclude Include="E:\Documents\SanityEngine\SanityEngine\extern\rex\include\rx\core\traits\is_callable.h">
      <Filter>rx\core\traits</Filter>
    </ClInclude>
    <ClInclude Include="E:\Documents\SanityEngine\SanityEngine\extern\rex\include\rx\core\traits\is_enum.h">
      <Filter>rx\core\traits</Filter>
    </ClInclude>
    <ClInclude Include="E:\Documents\SanityEngine\SanityEngine\extern\rex\include\rx\core\traits\is_floating_point.h">
      <Filter>rx\core\traits</Filter>
    </ClInclude>
    <ClInclude Include="E:\Documents\SanityEngine\SanityEngine\extern\rex\include\rx\core\traits\is_function.h">
      <Filter>rx\core\traits</Filter>
    </ClInclude>
    <ClInclude Include="E:\Documents\SanityEngine\SanityEngine\extern\rex\include\rx\core\traits\is_integral.h">
      <Filter>rx\core\traits</Filter>
    </ClInclude>
    <ClInclude Include="E:\Documents\SanityEngine\SanityEngine\extern\rex\include\rx\core\traits\is_lvalue_reference.h">
      <Filter>rx\core\traits</Filter>
    </ClInclude>
    <ClInclude Include="E:\Documents\SanityEngine\SanityEngine\extern\rex\include\rx\core\traits\is_pointer.h">
      <Filter>rx\core\traits</Filter>
    </ClInclude>
    <ClInclude Include="E:\Documents\SanityEngine\SanityEngine\extern\rex\include\rx\core\traits\is_reference.h">
      <Filter>rx\core\traits</Filter>
    </ClInclude>
    <ClInclude Include="E:\Documents\SanityEngine\SanityEngine\extern\rex\include\rx\core\traits\is_referenceable.h">
      <Filter>rx\core\traits</Filter>
    </ClInclude>
    <ClInclude Include="E:\Documents\SanityEngine\SanityEngine\extern\rex\include\rx\core\traits\is_restrict.h">
      <Filter>rx\core\traits</Filter>
    </ClInclude>
    <ClInclude Include="E:\Documents\SanityEngine\SanityEngine\extern\rex\include\rx\core\traits\is_rvalue_reference.h">
      <Filter>rx\core\traits</Filter>
    </ClInclude>
    <ClInclude Include="E:\Documents\SanityEngine\SanityEngine\extern\rex\include\rx\core\traits\is_same.h">
      <Filter>rx\core\traits</Filter>
    </ClInclude>
    <ClInclude Include="E:\Documents\SanityEngine\SanityEngine\extern\rex\include\rx\core\traits\is_signed.h">
      <Filter>rx\core\traits</Filter>
    </ClInclude>
    <ClInclude Include="E:\Documents\SanityEngine\SanityEngine\extern\rex\include\rx\core\traits\is_trivially_copyable.h">
      <Filter>rx\core\traits</Filter>
    </ClInclude>
    <ClInclude Include="E:\Documents\SanityEngine\SanityEngine\extern\rex\include\rx\core\traits\is_trivially_destructible.h">
      <Filter>rx\core\traits</Filter>
    </ClInclude>
    <ClInclude Include="E:\Documents\SanityEngine\SanityEngine\extern\rex\include\rx\core\traits\is_unsigned.h">
      <Filter>rx\core\traits</Filter>
    </ClInclude>
    <ClInclude Include="E:\Documents\SanityEngine\SanityEngine\extern\rex\include\rx\core\traits\is_void.h">
      <Filter>rx\core\traits</Filter>
    </ClInclude>
    <ClInclude Include="E:\Documents\SanityEngine\SanityEngine\extern\rex\include\rx\core\traits\remove_all_extents.h">
      <Filter>rx\core\traits</Filter>
    </ClInclude>
    <ClInclude Include="E:\Documents\SanityEngine\SanityEngine\extern\rex\include\rx\core\traits\remove_const.h">
      <Filter>rx\core\traits</Filter>
    </ClInclude>
    <ClInclude Include="E:\Documents\SanityEngine\SanityEngine\extern\rex\include\rx\core\traits\remove_cv.h">
      <Filter>rx\core\traits</Filter>
    </ClInclude>
    <ClInclude Include="E:\Documents\SanityEngine\SanityEngine\extern\rex\include\rx\core\traits\remove_cvref.h">
      <Filter>rx\core\traits</Filter>
    </ClInclude>
    <ClInclude Include="E:\Documents\SanityEngine\SanityEngine\extern\rex\include\rx\core\traits\remove_extent.h">
      <Filter>rx\core\traits</Filter>
    </ClInclude>
    <ClInclude Include="E:\Documents\SanityEngine\SanityEngine\extern\rex\include\rx\core\traits\remove_pointer.h">
      <Filter>rx\core\traits</Filter>
    </ClInclude>
    <ClInclude Include="E:\Documents\SanityEngine\SanityEngine\extern\rex\include\rx\core\traits\remove_reference.h">
      <Filter>rx\core\traits</Filter>
    </ClInclude>
    <ClInclude Include="E:\Documents\SanityEngine\SanityEngine\extern\rex\include\rx\core\traits\remove_volatile.h">
      <Filter>rx\core\traits</Filter>
    </ClInclude>
    <ClInclude Include="E:\Documents\SanityEngine\SanityEngine\extern\rex\include\rx\core\traits\return_type.h">
      <Filter>rx\core\traits</Filter>
    </ClInclude>
    <ClInclude Include="E:\Documents\SanityEngine\SanityEngine\extern\rex\include\rx\core\traits\type_identity.h">
      <Filter>rx\core\traits</Filter>
    </ClInclude>
    <ClInclude Include="E:\Documents\SanityEngine\SanityEngine\extern\rex\include\rx\core\traits\underlying_type.h">
      <Filter>rx\core\traits</Filter>
    </ClInclude>
    <ClInclude Include="E:\Documents\SanityEngine\SanityEngine\extern\rex\include\rx\core\types.h">
      <Filter>rx\core</Filter>
    </ClInclude>
    <ClInclude Include="E:\Documents\SanityEngine\SanityEngine\extern\rex\include\rx\core\uninitialized.h">
      <Filter>rx\core</Filter>
    </ClInclude>
    <ClInclude Include="E:\Documents\SanityEngine\SanityEngine\extern\rex\include\rx\core\utility\bit.h">
      <Filter>rx\core\utility</Filter>
    </ClInclude>
    <ClInclude Include="E:\Documents\SanityEngine\SanityEngine\extern\rex\include\rx\core\utility\construct.h">
      <Filter>rx\core\utility</Filter>
    </ClInclude>
    <ClInclude Include="E:\Documents\SanityEngine\SanityEngine\extern\rex\include\rx\core\utility\declval.h">
      <Filter>rx\core\utility</Filter>
    </ClInclude>
    <ClInclude Include="E:\Documents\SanityEngine\SanityEngine\extern\rex\include\rx\core\utility\destruct.h">
      <Filter>rx\core\utility</Filter>
    </ClInclude>
    <ClInclude Include="E:\Documents\SanityEngine\SanityEngine\extern\rex\include\rx\core\utility\exchange.h">
      <Filter>rx\core\utility</Filter>
    </ClInclude>
    <ClInclude Include="E:\Documents\SanityEngine\SanityEngine\extern\rex\include\rx\core\utility\forward.h">
      <Filter>rx\core\utility</Filter>
    </ClInclude>
    <ClInclude Include="E:\Documents\SanityEngine\SanityEngine\extern\rex\include\rx\core\utility\move.h">
      <Filter>rx\core\utility</Filter>
    </ClInclude>
    <ClInclude Include="E:\Documents\SanityEngine\SanityEngine\extern\rex\include\rx\core\utility\nat.h">
      <Filter>rx\core\utility</Filter>
    </ClInclude>
    <ClInclude Include="E:\Documents\SanityEngine\SanityEngine\extern\rex\include\rx\core\utility\pair.h">
      <Filter>rx\core\utility</Filter>
    </ClInclude>
    <ClInclude Include="E:\Documents\SanityEngine\SanityEngine\extern\rex\include\rx\core\utility\swap.h">
      <Filter>rx\core\utility</Filter>
    </ClInclude>
    <ClInclude Include="E:\Documents\SanityEngine\SanityEngine\extern\rex\include\rx\core\utility\uninitialized.h">
      <Filter>rx\core\utility</Filter>
    </ClInclude>
    <ClInclude Include="E:\Documents\SanityEngine\SanityEngine\extern\rex\include\rx\core\vector.h">
      <Filter>rx\core</Filter>
    </ClInclude>
    <ClInclude Include="E:\Documents\SanityEngine\SanityEngine\extern\rex\include\rx\math\aabb.h">
      <Filter>rx\math</Filter>
    </ClInclude>
    <ClInclude Include="E:\Documents\SanityEngine\SanityEngine\extern\rex\include\rx\math\camera.h">
      <Filter>rx\math</Filter>
    </ClInclude>
    <ClInclude Include="E:\Documents\SanityEngine\SanityEngine\extern\rex\include\rx\math\compare.h">
      <Filter>rx\math</Filter>
    </ClInclude>
    <ClInclude Include="E:\Documents\SanityEngine\SanityEngine\extern\rex\include\rx\math\constants.h">
      <Filter>rx\math</Filter>
    </ClInclude>
    <ClInclude Include="E:\Documents\SanityEngine\SanityEngine\extern\rex\include\rx\math\frustum.h">
      <Filter>rx\math</Filter>
    </ClInclude>
    <ClInclude Include="E:\Documents\SanityEngine\SanityEngine\extern\rex\include\rx\math\mat3x3.h">
      <Filter>rx\math</Filter>
    </ClInclude>
    <ClInclude Include="E:\Documents\SanityEngine\SanityEngine\extern\rex\include\rx\math\mat3x4.h">
      <Filter>rx\math</Filter>
    </ClInclude>
    <ClInclude Include="E:\Documents\SanityEngine\SanityEngine\extern\rex\include\rx\math\mat4x4.h">
      <Filter>rx\math</Filter>
    </ClInclude>
    <ClInclude Include="E:\Documents\SanityEngine\SanityEngine\extern\rex\include\rx\math\noise\perlin.h">
      <Filter>rx\math\noise</Filter>
    </ClInclude>
    <ClInclude Include="E:\Documents\SanityEngine\SanityEngine\extern\rex\include\rx\math\plane.h">
      <Filter>rx\math</Filter>
    </ClInclude>
    <ClInclude Include="E:\Documents\SanityEngine\SanityEngine\extern\rex\include\rx\math\quat.h">
      <Filter>rx\math</Filter>
    </ClInclude>
    <ClInclude Include="E:\Documents\SanityEngine\SanityEngine\extern\rex\include\rx\math\rectangle.h">
      <Filter>rx\math</Filter>
    </ClInclude>
    <ClInclude Include="E:\Documents\SanityEngine\SanityEngine\extern\rex\include\rx\math\sphere.h">
      <Filter>rx\math</Filter>
    </ClInclude>
    <ClInclude Include="E:\Documents\SanityEngine\SanityEngine\extern\rex\include\rx\math\transform.h">
      <Filter>rx\math</Filter>
    </ClInclude>
    <ClInclude Include="E:\Documents\SanityEngine\SanityEngine\extern\rex\include\rx\math\trig.h">
      <Filter>rx\math</Filter>
    </ClInclude>
    <ClInclude Include="E:\Documents\SanityEngine\SanityEngine\extern\rex\include\rx\math\vec2.h">
      <Filter>rx\math</Filter>
    </ClInclude>
    <ClInclude Include="E:\Documents\SanityEngine\SanityEngine\extern\rex\include\rx\math\vec3.h">
      <Filter>rx\math</Filter>
    </ClInclude>
    <ClInclude Include="E:\Documents\SanityEngine\SanityEngine\extern\rex\include\rx\math\vec4.h">
      <Filter>rx\math</Filter>
    </ClInclude>
  </ItemGroup>
  <ItemGroup>
    <None Include="E:\Documents\SanityEngine\SanityEngine\src\noise\.gitignore">
      <Filter>src\noise</Filter>
    </None>
    <None Include="E:\Documents\SanityEngine\SanityEngine\src\noise\LICENSE">
      <Filter>src\noise</Filter>
    </None>
    <None Include="E:\Documents\SanityEngine\SanityEngine\src\noise\README.md">
      <Filter>src\noise</Filter>
    </None>
  </ItemGroup>
  <ItemGroup>
    <Filter Include="D3D12MemoryAllocator">
      <UniqueIdentifier>{D449E01E-3A7D-3DA0-9D3B-C99973DD2E5A}</UniqueIdentifier>
    </Filter>
    <Filter Include="rx">
      <UniqueIdentifier>{2E68FB59-FA96-3A26-A446-FCC4199DA9A1}</UniqueIdentifier>
    </Filter>
    <Filter Include="rx\console">
      <UniqueIdentifier>{110CA637-C515-3DFF-B76D-ADE73B7A10D1}</UniqueIdentifier>
    </Filter>
    <Filter Include="rx\core">
      <UniqueIdentifier>{41963F0B-9985-3186-875E-FE4DA717ACC8}</UniqueIdentifier>
    </Filter>
    <Filter Include="rx\core\algorithm">
      <UniqueIdentifier>{B4B78686-8532-3A82-A276-BAEA02C5D9A2}</UniqueIdentifier>
    </Filter>
    <Filter Include="rx\core\concepts">
      <UniqueIdentifier>{D9B62373-AF0D-3F8B-8773-EA3F88332F7B}</UniqueIdentifier>
    </Filter>
    <Filter Include="rx\core\concurrency">
      <UniqueIdentifier>{6BEC3134-CAC3-35CB-BA47-0458FEC1FACE}</UniqueIdentifier>
    </Filter>
    <Filter Include="rx\core\concurrency\clang">
      <UniqueIdentifier>{6F39D182-7D3C-35C9-A4A8-44A58C60371D}</UniqueIdentifier>
    </Filter>
    <Filter Include="rx\core\concurrency\gcc">
      <UniqueIdentifier>{0AC95DEE-D317-383D-A033-633CE49BE910}</UniqueIdentifier>
    </Filter>
    <Filter Include="rx\core\concurrency\std">
      <UniqueIdentifier>{5D0CB215-E099-375F-83C8-5CED712B7D48}</UniqueIdentifier>
    </Filter>
    <Filter Include="rx\core\filesystem">
      <UniqueIdentifier>{17CF915F-162B-38A0-B5E8-16C05A2BA678}</UniqueIdentifier>
    </Filter>
    <Filter Include="rx\core\hash">
      <UniqueIdentifier>{FA4534F6-45BA-3D9E-B792-20CF7DED808D}</UniqueIdentifier>
    </Filter>
    <Filter Include="rx\core\hints">
      <UniqueIdentifier>{0A7EFA55-D140-32FE-9AF1-A5826C30D103}</UniqueIdentifier>
    </Filter>
    <Filter Include="rx\core\library">
      <UniqueIdentifier>{B63BE944-14D8-3360-B365-521CC99D8094}</UniqueIdentifier>
    </Filter>
    <Filter Include="rx\core\math">
      <UniqueIdentifier>{FF9C9CCA-7C19-3311-8E50-1300520DBCFC}</UniqueIdentifier>
    </Filter>
    <Filter Include="rx\core\memory">
      <UniqueIdentifier>{426D6931-47F6-327A-8B36-2BA4EEEE4148}</UniqueIdentifier>
    </Filter>
    <Filter Include="rx\core\prng">
      <UniqueIdentifier>{949FC48B-8825-3EA7-814C-DA62E3E27DDA}</UniqueIdentifier>
    </Filter>
    <Filter Include="rx\core\serialize">
      <UniqueIdentifier>{F66F5727-4162-3760-A272-B09FDC2DF62E}</UniqueIdentifier>
    </Filter>
    <Filter Include="rx\core\time">
      <UniqueIdentifier>{9B28FC25-F50C-3A36-A06B-3F20B4C15F9F}</UniqueIdentifier>
    </Filter>
    <Filter Include="rx\core\traits">
      <UniqueIdentifier>{1DCF0ABF-4BC0-37A2-BAFA-E144B350FFDE}</UniqueIdentifier>
    </Filter>
    <Filter Include="rx\core\utility">
      <UniqueIdentifier>{63FB0A73-0F0F-37B2-99CE-8ECC7C337F73}</UniqueIdentifier>
    </Filter>
    <Filter Include="rx\math">
      <UniqueIdentifier>{8D88F422-175B-3EA0-9806-C9E8ADDB623F}</UniqueIdentifier>
    </Filter>
    <Filter Include="rx\math\noise">
      <UniqueIdentifier>{49AAE38E-E368-36DF-AF0F-FDF300D83CF6}</UniqueIdentifier>
    </Filter>
    <Filter Include="src">
      <UniqueIdentifier>{F6A962DC-A3F4-37BC-A914-6E16E9F50447}</UniqueIdentifier>
    </Filter>
    <Filter Include="src\adapters">
      <UniqueIdentifier>{3718453C-38DF-3CEE-AE1D-3376D2BFB18C}</UniqueIdentifier>
    </Filter>
    <Filter Include="src\adapters\rex">
      <UniqueIdentifier>{97DCB4B5-E3C1-3714-A92F-23A4A222EE96}</UniqueIdentifier>
    </Filter>
    <Filter Include="src\bve">
      <UniqueIdentifier>{D4A592B4-D8DC-3586-A7D5-8773168E40CB}</UniqueIdentifier>
    </Filter>
    <Filter Include="src\core">
      <UniqueIdentifier>{9E22994D-5FED-37FB-9E91-E30DFFD84AF5}</UniqueIdentifier>
    </Filter>
    <Filter Include="src\core\async">
      <UniqueIdentifier>{9CE326D8-14F2-3510-8AA8-6460A28BF743}</UniqueIdentifier>
    </Filter>
    <Filter Include="src\coreclr">
      <UniqueIdentifier>{C1A5CC3B-7868-3C47-8322-FF91A7008AC6}</UniqueIdentifier>
    </Filter>
    <Filter Include="src\game">
      <UniqueIdentifier>{CC24CAD3-A44D-35D1-92F5-7D399B6C763E}</UniqueIdentifier>
    </Filter>
    <Filter Include="src\input">
      <UniqueIdentifier>{C08AFC20-0C8B-3166-A4DE-9402F100612A}</UniqueIdentifier>
    </Filter>
    <Filter Include="src\loading">
      <UniqueIdentifier>{B9CA252E-0ECA-3EEA-961D-553B15432780}</UniqueIdentifier>
    </Filter>
    <Filter Include="src\noise">
      <UniqueIdentifier>{5DB64464-D68A-30F8-8F54-CC61B8719075}</UniqueIdentifier>
    </Filter>
    <Filter Include="src\noise\FastNoiseSIMD">
      <UniqueIdentifier>{7EA336F1-954B-39AF-9DB9-31F966D7576E}</UniqueIdentifier>
    </Filter>
    <Filter Include="src\player">
      <UniqueIdentifier>{6EE3CFD5-DDFE-32A4-B2F8-56966EE57AB8}</UniqueIdentifier>
    </Filter>
    <Filter Include="src\renderer">
      <UniqueIdentifier>{3502332D-B558-305C-B3FA-042098C4A06E}</UniqueIdentifier>
    </Filter>
    <Filter Include="src\renderer\debugging">
      <UniqueIdentifier>{68E680C6-D1A6-3D79-93E8-972A0B5C990E}</UniqueIdentifier>
    </Filter>
    <Filter Include="src\renderer\renderpasses">
      <UniqueIdentifier>{1C07CC7B-CD79-34B1-8B4F-A7BB8E67627D}</UniqueIdentifier>
    </Filter>
    <Filter Include="src\renderer\rhi">
      <UniqueIdentifier>{44593FD4-B743-3C3B-9159-5CAA2D4AA8CA}</UniqueIdentifier>
    </Filter>
    <Filter Include="src\rhi">
      <UniqueIdentifier>{A004B4A5-EDDC-397F-9402-CEC9CD5FCCC3}</UniqueIdentifier>
    </Filter>
    <Filter Include="src\serialization">
      <UniqueIdentifier>{93186838-5DE3-359E-8F02-03B12A1167D5}</UniqueIdentifier>
    </Filter>
    <Filter Include="src\stats">
      <UniqueIdentifier>{248597DF-ABA0-359F-884F-B3574CCD44BA}</UniqueIdentifier>
    </Filter>
    <Filter Include="src\ui">
      <UniqueIdentifier>{748B7216-F278-3421-870C-1F06F1AD3A88}</UniqueIdentifier>
    </Filter>
    <Filter Include="src\windows">
      <UniqueIdentifier>{B893D848-FFD6-39A1-94BB-D3AD455CB635}</UniqueIdentifier>
    </Filter>
    <Filter Include="src\world">
      <UniqueIdentifier>{B5A4424A-5152-39B1-AEF2-A6C983B901B1}</UniqueIdentifier>
    </Filter>
    <Filter Include="src\world\environment">
      <UniqueIdentifier>{F28B0E74-FDB4-3A8E-9251-7A6328E62AAD}</UniqueIdentifier>
    </Filter>
    <Filter Include="src\world\generation">
      <UniqueIdentifier>{9A8E3C87-50BC-3164-A75F-56F2F1720979}</UniqueIdentifier>
    </Filter>
    <Filter Include="tracy">
      <UniqueIdentifier>{37BC68D0-4DCA-3620-9DD9-8A531889256C}</UniqueIdentifier>
    </Filter>
    <Filter Include="tracy\imgui">
      <UniqueIdentifier>{0B9DB373-CB71-39F7-A428-EB7556F29DA8}</UniqueIdentifier>
    </Filter>
  </ItemGroup>
</Project>