<?xml version="1.0" encoding="utf-8"?>
<Project ToolsVersion="4.0" xmlns="http://schemas.microsoft.com/developer/msbuild/2003">
  <ItemGroup>
    <Filter Include="Source Files">
      <UniqueIdentifier>{4FC737F1-C7A5-4376-A066-2A32D752A2FF}</UniqueIdentifier>
      <Extensions>cpp;c;cc;cxx;c++;def;odl;idl;hpj;bat;asm;asmx</Extensions>
    </Filter>
    <Filter Include="Header Files">
      <UniqueIdentifier>{93995380-89BD-4b04-88EB-625FBE52EBFB}</UniqueIdentifier>
      <Extensions>h;hh;hpp;hxx;h++;hm;inl;inc;ipp;xsd</Extensions>
    </Filter>
    <Filter Include="Resource Files">
      <UniqueIdentifier>{67DA6AB6-F800-4c08-8B7A-83BB121AAD01}</UniqueIdentifier>
      <Extensions>rc;ico;cur;bmp;dlg;rc2;rct;bin;rgs;gif;jpg;jpeg;jpe;resx;tiff;tif;png;wav;mfcribbon-ms</Extensions>
    </Filter>
    <Filter Include="Header Files\core">
      <UniqueIdentifier>{039fe5da-0b6d-43e9-8c9f-ff47660800a8}</UniqueIdentifier>
    </Filter>
    <Filter Include="Header Files\input">
      <UniqueIdentifier>{7af22484-4f8f-4513-8279-e95f5edeffa6}</UniqueIdentifier>
    </Filter>
    <Filter Include="Header Files\player">
      <UniqueIdentifier>{ce81fb57-f087-41ba-8a69-c623a2357816}</UniqueIdentifier>
    </Filter>
    <Filter Include="Header Files\rhi">
      <UniqueIdentifier>{2c159e03-43e2-4eb5-bf89-4783c114c27a}</UniqueIdentifier>
    </Filter>
    <Filter Include="Header Files\stats">
      <UniqueIdentifier>{62b758d5-0892-4b48-ab1a-6c8975b5198a}</UniqueIdentifier>
    </Filter>
    <Filter Include="Header Files\core\async">
      <UniqueIdentifier>{81c1a14c-2863-4d6b-9848-9619bdb38f18}</UniqueIdentifier>
    </Filter>
    <Filter Include="Header Files\windows">
      <UniqueIdentifier>{2c6133cb-c338-4588-a09f-9a4a7f774701}</UniqueIdentifier>
    </Filter>
    <Filter Include="Header Files\renderer">
      <UniqueIdentifier>{fc07767a-05ef-44bb-9295-7e63ec86cca1}</UniqueIdentifier>
    </Filter>
    <Filter Include="Source Files\core">
      <UniqueIdentifier>{f10b0e83-967f-4661-80a3-07227a309bfe}</UniqueIdentifier>
    </Filter>
    <Filter Include="Source Files\input">
      <UniqueIdentifier>{e519fe86-2379-4214-8cac-fa4e0e614d76}</UniqueIdentifier>
    </Filter>
    <Filter Include="Source Files\player">
      <UniqueIdentifier>{3d1cf6a2-9af1-496b-943c-5ab392eea324}</UniqueIdentifier>
    </Filter>
    <Filter Include="Source Files\renderer">
      <UniqueIdentifier>{c86f38f1-4114-4e8a-a8c6-16bfc0a4ed28}</UniqueIdentifier>
    </Filter>
    <Filter Include="Source Files\rhi">
      <UniqueIdentifier>{fdcf90b2-5e89-4abc-a753-46c545b33be1}</UniqueIdentifier>
    </Filter>
    <Filter Include="Source Files\stats">
      <UniqueIdentifier>{72d684aa-47d4-4a90-8118-acc6d90029a3}</UniqueIdentifier>
    </Filter>
    <Filter Include="Source Files\windows">
      <UniqueIdentifier>{e2ebd526-eea5-41ac-9ba4-19b87b98181c}</UniqueIdentifier>
    </Filter>
    <Filter Include="Source Files\external">
      <UniqueIdentifier>{55598584-eda2-4739-8f3b-5a760cc1977e}</UniqueIdentifier>
    </Filter>
    <Filter Include="Header Files\bve">
      <UniqueIdentifier>{e92e3a3a-61c9-45f4-93bf-7266e7919eac}</UniqueIdentifier>
    </Filter>
    <Filter Include="Source Files\bve">
      <UniqueIdentifier>{60ef05e0-a35a-47a7-99f9-361e52b6ea5a}</UniqueIdentifier>
    </Filter>
    <Filter Include="Shaders">
      <UniqueIdentifier>{d26769c1-973d-4a22-a087-0c4c979ffb58}</UniqueIdentifier>
    </Filter>
    <Filter Include="Shaders\inc">
      <UniqueIdentifier>{54bcccfc-0082-4108-b88e-6f7c1e55c953}</UniqueIdentifier>
    </Filter>
    <Filter Include="Modules">
      <UniqueIdentifier>{2c734da1-0c67-4507-9e62-2f6533fe2219}</UniqueIdentifier>
    </Filter>
    <Filter Include="Header Files\loading">
      <UniqueIdentifier>{9cb5180d-a1c1-4355-8327-a638d5efbcf4}</UniqueIdentifier>
    </Filter>
    <Filter Include="Source Files\loading">
      <UniqueIdentifier>{f8bfeb06-5ab8-4734-982d-a3c62c375884}</UniqueIdentifier>
    </Filter>
    <Filter Include="Header Files\imgui">
      <UniqueIdentifier>{c7fa8ae5-f40e-4820-8c0a-ebe376cfda07}</UniqueIdentifier>
    </Filter>
    <Filter Include="Source Files\imgui">
      <UniqueIdentifier>{be8c91aa-fae9-4662-8dff-0ba28c8c31ff}</UniqueIdentifier>
    </Filter>
  </ItemGroup>
  <ItemGroup>
    <ClCompile Include="src\sanity_engine.cpp">
      <Filter>Source Files</Filter>
    </ClCompile>
    <ClCompile Include="src\core\abort.cpp">
      <Filter>Source Files\core</Filter>
    </ClCompile>
    <ClCompile Include="src\core\ensure.cpp">
      <Filter>Source Files\core</Filter>
    </ClCompile>
    <ClCompile Include="src\core\errors.cpp">
      <Filter>Source Files\core</Filter>
    </ClCompile>
    <ClCompile Include="src\input\input_manager.cpp">
      <Filter>Source Files\input</Filter>
    </ClCompile>
    <ClCompile Include="src\player\flycam_controller.cpp">
      <Filter>Source Files\player</Filter>
    </ClCompile>
    <ClCompile Include="src\renderer\renderer.cpp">
      <Filter>Source Files\renderer</Filter>
    </ClCompile>
    <ClCompile Include="src\renderer\camera_matrix_buffer.cpp">
      <Filter>Source Files\renderer</Filter>
    </ClCompile>
    <ClCompile Include="src\rhi\resources.cpp">
      <Filter>Source Files\rhi</Filter>
    </ClCompile>
    <ClCompile Include="src\rhi\render_device.cpp">
      <Filter>Source Files\rhi</Filter>
    </ClCompile>
    <ClCompile Include="src\rhi\mesh_data_store.cpp">
      <Filter>Source Files\rhi</Filter>
    </ClCompile>
    <ClCompile Include="src\stats\framerate_tracker.cpp">
      <Filter>Source Files\stats</Filter>
    </ClCompile>
    <ClCompile Include="src\windows\windows_helpers.cpp">
      <Filter>Source Files\windows</Filter>
    </ClCompile>
    <ClCompile Include="extern\minitrace\src\minitrace.c">
      <Filter>Source Files\external</Filter>
    </ClCompile>
    <ClCompile Include="src\renderer\material_data_buffer.cpp">
      <Filter>Source Files\renderer</Filter>
    </ClCompile>
    <ClCompile Include="src\bve\bve_wrapper.cpp">
      <Filter>Source Files\bve</Filter>
    </ClCompile>
    <ClCompile Include="src\renderer\handles.hpp">
      <Filter>Header Files\renderer</Filter>
    </ClCompile>
    <ClCompile Include="src\rhi\helpers.cpp">
      <Filter>Source Files\rhi</Filter>
    </ClCompile>
    <ClCompile Include="src\rhi\descriptor_allocator.cpp">
      <Filter>Source Files\rhi</Filter>
    </ClCompile>
    <ClCompile Include="src\rhi\bind_group.cpp">
      <Filter>Source Files\rhi</Filter>
    </ClCompile>
    <ClCompile Include="src\rhi\command_list.cpp">
      <Filter>Source Files\rhi</Filter>
    </ClCompile>
    <ClCompile Include="src\rhi\resource_command_list.cpp">
      <Filter>Source Files\rhi</Filter>
    </ClCompile>
    <ClCompile Include="src\rhi\compute_command_list.cpp">
      <Filter>Source Files\rhi</Filter>
    </ClCompile>
    <ClCompile Include="src\rhi\render_command_list.cpp">
      <Filter>Source Files\rhi</Filter>
    </ClCompile>
    <ClCompile Include="extern\D3D12MemoryAllocator\D3D12MemAlloc.cpp">
      <Filter>Source Files\rhi</Filter>
    </ClCompile>
    <ClCompile Include="src\loading\shader_loading.cpp">
      <Filter>Source Files\loading</Filter>
    </ClCompile>
    <ClCompile Include="extern\imgui\src\imgui.cpp">
      <Filter>Source Files\imgui</Filter>
    </ClCompile>
    <ClCompile Include="extern\imgui\src\imgui_demo.cpp">
      <Filter>Source Files\imgui</Filter>
    </ClCompile>
    <ClCompile Include="extern\imgui\src\imgui_draw.cpp">
      <Filter>Source Files\imgui</Filter>
    </ClCompile>
    <ClCompile Include="extern\imgui\src\imgui_widgets.cpp">
      <Filter>Source Files\imgui</Filter>
    </ClCompile>
  </ItemGroup>
  <ItemGroup>
    <ClInclude Include="src\sanity_engine.hpp">
      <Filter>Header Files</Filter>
    </ClInclude>
    <ClInclude Include="src\settings.hpp">
      <Filter>Header Files</Filter>
    </ClInclude>
    <ClInclude Include="src\core\components.hpp">
      <Filter>Header Files\core</Filter>
    </ClInclude>
    <ClInclude Include="src\core\abort.hpp">
      <Filter>Header Files\core</Filter>
    </ClInclude>
    <ClInclude Include="src\core\constants.hpp">
      <Filter>Header Files\core</Filter>
    </ClInclude>
    <ClInclude Include="src\core\ensure.hpp">
      <Filter>Header Files\core</Filter>
    </ClInclude>
    <ClInclude Include="src\core\errors.hpp">
      <Filter>Header Files\core</Filter>
    </ClInclude>
    <ClInclude Include="src\core\async\mutex.hpp">
      <Filter>Header Files\core\async</Filter>
    </ClInclude>
    <ClInclude Include="src\input\input_manager.hpp">
      <Filter>Header Files\input</Filter>
    </ClInclude>
    <ClInclude Include="src\player\components.hpp">
      <Filter>Header Files\player</Filter>
    </ClInclude>
    <ClInclude Include="src\player\flycam_controller.hpp">
      <Filter>Header Files\player</Filter>
    </ClInclude>
    <ClInclude Include="src\renderer\camera_matrix_buffer.hpp">
      <Filter>Header Files\renderer</Filter>
    </ClInclude>
    <ClInclude Include="src\renderer\renderer.hpp">
      <Filter>Header Files\renderer</Filter>
    </ClInclude>
    <ClInclude Include="src\rhi\bind_group.hpp">
      <Filter>Header Files\rhi</Filter>
    </ClInclude>
    <ClInclude Include="src\rhi\command_list.hpp">
      <Filter>Header Files\rhi</Filter>
    </ClInclude>
    <ClInclude Include="src\rhi\compute_command_list.hpp">
      <Filter>Header Files\rhi</Filter>
    </ClInclude>
    <ClInclude Include="src\rhi\compute_pipeline_state.hpp">
      <Filter>Header Files\rhi</Filter>
    </ClInclude>
    <ClInclude Include="src\rhi\framebuffer.hpp">
      <Filter>Header Files\rhi</Filter>
    </ClInclude>
    <ClInclude Include="src\rhi\mesh_data_store.hpp">
      <Filter>Header Files\rhi</Filter>
    </ClInclude>
    <ClInclude Include="src\rhi\render_command_list.hpp">
      <Filter>Header Files\rhi</Filter>
    </ClInclude>
    <ClInclude Include="src\rhi\render_device.hpp">
      <Filter>Header Files\rhi</Filter>
    </ClInclude>
    <ClInclude Include="src\rhi\resource_command_list.hpp">
      <Filter>Header Files\rhi</Filter>
    </ClInclude>
    <ClInclude Include="src\rhi\render_pipeline_state.hpp">
      <Filter>Header Files\rhi</Filter>
    </ClInclude>
    <ClInclude Include="src\rhi\resources.hpp">
      <Filter>Header Files\rhi</Filter>
    </ClInclude>
    <ClInclude Include="src\stats\framerate_tracker.hpp">
      <Filter>Header Files\stats</Filter>
    </ClInclude>
    <ClInclude Include="src\windows\windows_helpers.hpp">
      <Filter>Header Files\windows</Filter>
    </ClInclude>
    <ClInclude Include="src\renderer\material_data_buffer.hpp">
      <Filter>Header Files\renderer</Filter>
    </ClInclude>
    <ClInclude Include="src\renderer\lights.hpp">
      <Filter>Header Files\renderer</Filter>
    </ClInclude>
    <ClInclude Include="src\renderer\render_components.hpp">
      <Filter>Header Files\renderer</Filter>
    </ClInclude>
    <ClInclude Include="src\rhi\raytracing_structs.hpp">
      <Filter>Header Files\rhi</Filter>
    </ClInclude>
    <ClInclude Include="src\core\align.hpp">
      <Filter>Header Files\core</Filter>
    </ClInclude>
    <ClInclude Include="src\renderer\mesh.hpp">
      <Filter>Header Files\renderer</Filter>
    </ClInclude>
    <ClInclude Include="src\core\defer.hpp">
      <Filter>Header Files\core</Filter>
    </ClInclude>
    <ClInclude Include="src\bve\bve_wrapper.hpp">
      <Filter>Header Files\bve</Filter>
    </ClInclude>
    <ClInclude Include="src\bve\train_components.hpp">
      <Filter>Header Files\bve</Filter>
    </ClInclude>
    <ClInclude Include="src\rhi\descriptor_allocator.hpp">
      <Filter>Header Files\rhi</Filter>
    </ClInclude>
    <ClInclude Include="src\rhi\d3dx12.hpp">
      <Filter>Header Files\rhi</Filter>
    </ClInclude>
    <ClInclude Include="src\rhi\helpers.hpp">
      <Filter>Header Files\rhi</Filter>
    </ClInclude>
    <ClInclude Include="src\loading\shader_loading.hpp">
      <Filter>Header Files\loading</Filter>
    </ClInclude>
    <ClInclude Include="extern\imgui\include\imgui\imconfig.h">
      <Filter>Header Files\imgui</Filter>
    </ClInclude>
    <ClInclude Include="extern\imgui\include\imgui\imgui.h">
      <Filter>Header Files\imgui</Filter>
    </ClInclude>
    <ClInclude Include="extern\imgui\include\imgui\imgui_internal.h">
      <Filter>Header Files\imgui</Filter>
    </ClInclude>
    <ClInclude Include="extern\imgui\include\imgui\imstb_rectpack.h">
      <Filter>Header Files\imgui</Filter>
    </ClInclude>
    <ClInclude Include="extern\imgui\include\imgui\imstb_textedit.h">
      <Filter>Header Files\imgui</Filter>
    </ClInclude>
    <ClInclude Include="extern\imgui\include\imgui\imstb_truetype.h">
      <Filter>Header Files\imgui</Filter>
    </ClInclude>
  </ItemGroup>
  <ItemGroup>
    <FxCompile Include="data\shaders\atmospheric_sky.pixel.hlsl">
      <Filter>Shaders</Filter>
    </FxCompile>
    <FxCompile Include="data\shaders\backbuffer_output.pixel.hlsl">
      <Filter>Shaders</Filter>
    </FxCompile>
    <FxCompile Include="data\shaders\fullscreen.vertex.hlsl">
      <Filter>Shaders</Filter>
    </FxCompile>
    <FxCompile Include="data\shaders\make_transparent_texture.compute.hlsl">
      <Filter>Shaders</Filter>
    </FxCompile>
    <FxCompile Include="data\shaders\standard.pixel.hlsl">
      <Filter>Shaders</Filter>
    </FxCompile>
    <FxCompile Include="data\shaders\standard.vertex.hlsl">
      <Filter>Shaders</Filter>
    </FxCompile>
    <FxCompile Include="data\shaders\inc\standard_root_signature.hlsl">
      <Filter>Shaders\inc</Filter>
    </FxCompile>
  </ItemGroup>
  <ItemGroup>
    <None Include="src\loading\shader_loading.ixx">
      <Filter>Modules</Filter>
    </None>
  </ItemGroup>
</Project>