<?xml version="1.0" encoding="utf-8"?>
<Project ToolsVersion="4.0" xmlns="http://schemas.microsoft.com/developer/msbuild/2003">
  <ItemGroup>
    <Filter Include="Resource Files">
      <UniqueIdentifier>{67DA6AB6-F800-4c08-8B7A-83BB121AAD01}</UniqueIdentifier>
      <Extensions>rc;ico;cur;bmp;dlg;rc2;rct;bin;rgs;gif;jpg;jpeg;jpe;resx;tiff;tif;png;wav;mfcribbon-ms</Extensions>
    </Filter>
    <Filter Include="extern">
      <UniqueIdentifier>{d6396464-25c7-45ea-98d0-0cf2fba3ba47}</UniqueIdentifier>
    </Filter>
    <Filter Include="extern\rex">
      <UniqueIdentifier>{551971bb-45cb-412a-89f5-ea65fed18cb4}</UniqueIdentifier>
    </Filter>
    <Filter Include="extern\rex\core">
      <UniqueIdentifier>{decd4de1-cf3e-498d-87fe-10869e0303e6}</UniqueIdentifier>
    </Filter>
    <Filter Include="extern\rex\core\algorithm">
      <UniqueIdentifier>{9847b054-5f36-4063-b2eb-1717da4f03da}</UniqueIdentifier>
    </Filter>
    <Filter Include="extern\rex\core\concepts">
      <UniqueIdentifier>{bfee532f-1785-4aff-9a9e-ebc7a335c837}</UniqueIdentifier>
    </Filter>
    <Filter Include="extern\rex\core\concurrency">
      <UniqueIdentifier>{60999739-e8f8-4f7d-b852-1597c6eb1b30}</UniqueIdentifier>
    </Filter>
    <Filter Include="extern\rex\core\concurrency\clang">
      <UniqueIdentifier>{a405a2b0-abda-43d2-95c3-ad265159bce5}</UniqueIdentifier>
    </Filter>
    <Filter Include="extern\rex\core\concurrency\gcc">
      <UniqueIdentifier>{47a46ed3-eebc-49b1-b912-aa5ad33063a4}</UniqueIdentifier>
    </Filter>
    <Filter Include="extern\rex\core\concurrency\std">
      <UniqueIdentifier>{51c71887-3305-49e6-96ce-2a85d3ae6f41}</UniqueIdentifier>
    </Filter>
    <Filter Include="extern\rex\core\filesystem">
      <UniqueIdentifier>{4e9de1f6-7f27-46d6-bb26-0d01c3bb3c88}</UniqueIdentifier>
    </Filter>
    <Filter Include="extern\rex\core\hash">
      <UniqueIdentifier>{a8b30cef-3106-4229-b985-a394731165e5}</UniqueIdentifier>
    </Filter>
    <Filter Include="extern\rex\core\hints">
      <UniqueIdentifier>{047b5180-9734-4658-a553-e17569d70182}</UniqueIdentifier>
    </Filter>
    <Filter Include="extern\rex\core\library">
      <UniqueIdentifier>{6e3ecc8e-ada4-4988-96d3-5b6f53a3f496}</UniqueIdentifier>
    </Filter>
    <Filter Include="extern\rex\core\math">
      <UniqueIdentifier>{c540eb7c-db54-4581-af04-e838949e4c28}</UniqueIdentifier>
    </Filter>
    <Filter Include="extern\rex\core\memory">
      <UniqueIdentifier>{f2799a45-ce75-4f4a-be7e-1d3a248a82d5}</UniqueIdentifier>
    </Filter>
    <Filter Include="extern\rex\core\prng">
      <UniqueIdentifier>{5b329c59-5831-406f-9bbd-9f1a5404fd2d}</UniqueIdentifier>
    </Filter>
    <Filter Include="extern\rex\core\serialize">
      <UniqueIdentifier>{6ca0398f-7453-47ae-a470-fc0d5d490ce0}</UniqueIdentifier>
    </Filter>
    <Filter Include="extern\rex\core\utility">
      <UniqueIdentifier>{d181e728-496d-4bc7-81c3-5683c528f77e}</UniqueIdentifier>
    </Filter>
    <Filter Include="extern\rex\core\traits">
      <UniqueIdentifier>{5afad26d-33eb-428c-b441-04daca91b30d}</UniqueIdentifier>
    </Filter>
    <Filter Include="extern\rex\core\time">
      <UniqueIdentifier>{53d4b1a9-889a-4b33-b89d-218824489cdc}</UniqueIdentifier>
    </Filter>
    <Filter Include="extern\rex\console">
      <UniqueIdentifier>{0d6ef80d-f9e1-4376-a0c0-095e40a6498a}</UniqueIdentifier>
    </Filter>
    <Filter Include="extern\rex\math">
      <UniqueIdentifier>{aaed104b-dbb0-40d5-8da4-35608c1b5077}</UniqueIdentifier>
    </Filter>
    <Filter Include="extern\rex\math\noise">
      <UniqueIdentifier>{9d6998ad-47a7-4fbe-8362-e6639c82f5b9}</UniqueIdentifier>
    </Filter>
    <Filter Include="src">
      <UniqueIdentifier>{4FC737F1-C7A5-4376-A066-2A32D752A2FF}</UniqueIdentifier>
      <Extensions>cpp;c;cc;cxx;c++;cppm;ixx;def;odl;idl;hpj;bat;asm;asmx</Extensions>
    </Filter>
    <Filter Include="src\Rex">
      <UniqueIdentifier>{9594d950-cd06-4df6-a60a-599bc751a2a6}</UniqueIdentifier>
    </Filter>
  </ItemGroup>
  <ItemGroup>
    <ClCompile Include="..\SanityEngine\extern\rex\include\rx\core\abort.cpp">
      <Filter>extern\rex\core</Filter>
    </ClCompile>
    <ClCompile Include="..\SanityEngine\extern\rex\include\rx\core\assert.cpp">
      <Filter>extern\rex\core</Filter>
    </ClCompile>
    <ClCompile Include="..\SanityEngine\extern\rex\include\rx\core\bitset.cpp">
      <Filter>extern\rex\core</Filter>
    </ClCompile>
    <ClCompile Include="..\SanityEngine\extern\rex\include\rx\core\dynamic_pool.cpp">
      <Filter>extern\rex\core</Filter>
    </ClCompile>
    <ClCompile Include="..\SanityEngine\extern\rex\include\rx\core\format.cpp">
      <Filter>extern\rex\core</Filter>
    </ClCompile>
    <ClCompile Include="..\SanityEngine\extern\rex\include\rx\core\global.cpp">
      <Filter>extern\rex\core</Filter>
    </ClCompile>
    <ClCompile Include="..\SanityEngine\extern\rex\include\rx\core\intrusive_list.cpp">
      <Filter>extern\rex\core</Filter>
    </ClCompile>
    <ClCompile Include="..\SanityEngine\extern\rex\include\rx\core\intrusive_xor_list.cpp">
      <Filter>extern\rex\core</Filter>
    </ClCompile>
    <ClCompile Include="..\SanityEngine\extern\rex\include\rx\core\log.cpp">
      <Filter>extern\rex\core</Filter>
    </ClCompile>
    <ClCompile Include="..\SanityEngine\extern\rex\include\rx\core\profiler.cpp">
      <Filter>extern\rex\core</Filter>
    </ClCompile>
    <ClCompile Include="..\SanityEngine\extern\rex\include\rx\core\static_pool.cpp">
      <Filter>extern\rex\core</Filter>
    </ClCompile>
    <ClCompile Include="..\SanityEngine\extern\rex\include\rx\core\stream.cpp">
      <Filter>extern\rex\core</Filter>
    </ClCompile>
    <ClCompile Include="..\SanityEngine\extern\rex\include\rx\core\string.cpp">
      <Filter>extern\rex\core</Filter>
    </ClCompile>
    <ClCompile Include="..\SanityEngine\extern\rex\include\rx\core\string_table.cpp">
      <Filter>extern\rex\core</Filter>
    </ClCompile>
    <ClCompile Include="..\SanityEngine\extern\rex\include\rx\core\vector.cpp">
      <Filter>extern\rex\core</Filter>
    </ClCompile>
    <ClCompile Include="..\SanityEngine\extern\rex\include\rx\core\concurrency\condition_variable.cpp">
      <Filter>extern\rex\core\concurrency</Filter>
    </ClCompile>
    <ClCompile Include="..\SanityEngine\extern\rex\include\rx\core\concurrency\mutex.cpp">
      <Filter>extern\rex\core\concurrency</Filter>
    </ClCompile>
    <ClCompile Include="..\SanityEngine\extern\rex\include\rx\core\concurrency\recursive_mutex.cpp">
      <Filter>extern\rex\core\concurrency</Filter>
    </ClCompile>
    <ClCompile Include="..\SanityEngine\extern\rex\include\rx\core\concurrency\spin_lock.cpp">
      <Filter>extern\rex\core\concurrency</Filter>
    </ClCompile>
    <ClCompile Include="..\SanityEngine\extern\rex\include\rx\core\concurrency\thread.cpp">
      <Filter>extern\rex\core\concurrency</Filter>
    </ClCompile>
    <ClCompile Include="..\SanityEngine\extern\rex\include\rx\core\concurrency\thread_pool.cpp">
      <Filter>extern\rex\core\concurrency</Filter>
    </ClCompile>
    <ClCompile Include="..\SanityEngine\extern\rex\include\rx\core\concurrency\wait_group.cpp">
      <Filter>extern\rex\core\concurrency</Filter>
    </ClCompile>
    <ClCompile Include="..\SanityEngine\extern\rex\include\rx\core\concurrency\yield.cpp">
      <Filter>extern\rex\core\concurrency</Filter>
    </ClCompile>
    <ClCompile Include="..\SanityEngine\extern\rex\include\rx\core\filesystem\directory.cpp">
      <Filter>extern\rex\core\filesystem</Filter>
    </ClCompile>
    <ClCompile Include="..\SanityEngine\extern\rex\include\rx\core\filesystem\file.cpp">
      <Filter>extern\rex\core\filesystem</Filter>
    </ClCompile>
    <ClCompile Include="..\SanityEngine\extern\rex\include\rx\core\filesystem\path_resolver.cpp">
      <Filter>extern\rex\core\filesystem</Filter>
    </ClCompile>
    <ClCompile Include="..\SanityEngine\extern\rex\include\rx\core\hash\fnv1a.cpp">
      <Filter>extern\rex\core\hash</Filter>
    </ClCompile>
    <ClCompile Include="..\SanityEngine\extern\rex\include\rx\core\library\loader.cpp">
      <Filter>extern\rex\core\library</Filter>
    </ClCompile>
    <ClCompile Include="..\SanityEngine\extern\rex\include\rx\core\math\abs.cpp">
      <Filter>extern\rex\core\math</Filter>
    </ClCompile>
    <ClCompile Include="..\SanityEngine\extern\rex\include\rx\core\math\ceil.cpp">
      <Filter>extern\rex\core\math</Filter>
    </ClCompile>
    <ClCompile Include="..\SanityEngine\extern\rex\include\rx\core\math\cos.cpp">
      <Filter>extern\rex\core\math</Filter>
    </ClCompile>
    <ClCompile Include="..\SanityEngine\extern\rex\include\rx\core\math\floor.cpp">
      <Filter>extern\rex\core\math</Filter>
    </ClCompile>
    <ClCompile Include="..\SanityEngine\extern\rex\include\rx\core\math\half.cpp">
      <Filter>extern\rex\core\math</Filter>
    </ClCompile>
    <ClCompile Include="..\SanityEngine\extern\rex\include\rx\core\math\mod.cpp">
      <Filter>extern\rex\core\math</Filter>
    </ClCompile>
    <ClCompile Include="..\SanityEngine\extern\rex\include\rx\core\math\pow.cpp">
      <Filter>extern\rex\core\math</Filter>
    </ClCompile>
    <ClCompile Include="..\SanityEngine\extern\rex\include\rx\core\math\round.cpp">
      <Filter>extern\rex\core\math</Filter>
    </ClCompile>
    <ClCompile Include="..\SanityEngine\extern\rex\include\rx\core\math\sin.cpp">
      <Filter>extern\rex\core\math</Filter>
    </ClCompile>
    <ClCompile Include="..\SanityEngine\extern\rex\include\rx\core\math\sqrt.cpp">
      <Filter>extern\rex\core\math</Filter>
    </ClCompile>
    <ClCompile Include="..\SanityEngine\extern\rex\include\rx\core\math\tan.cpp">
      <Filter>extern\rex\core\math</Filter>
    </ClCompile>
    <ClCompile Include="..\SanityEngine\extern\rex\include\rx\core\memory\aggregate.cpp">
      <Filter>extern\rex\core\memory</Filter>
    </ClCompile>
    <ClCompile Include="..\SanityEngine\extern\rex\include\rx\core\memory\allocator.cpp">
      <Filter>extern\rex\core\memory</Filter>
    </ClCompile>
    <ClCompile Include="..\SanityEngine\extern\rex\include\rx\core\memory\buddy_allocator.cpp">
      <Filter>extern\rex\core\memory</Filter>
    </ClCompile>
    <ClCompile Include="..\SanityEngine\extern\rex\include\rx\core\memory\bump_point_allocator.cpp">
      <Filter>extern\rex\core\memory</Filter>
    </ClCompile>
    <ClCompile Include="..\SanityEngine\extern\rex\include\rx\core\memory\electric_fence_allocator.cpp">
      <Filter>extern\rex\core\memory</Filter>
    </ClCompile>
    <ClCompile Include="..\SanityEngine\extern\rex\include\rx\core\memory\heap_allocator.cpp">
      <Filter>extern\rex\core\memory</Filter>
    </ClCompile>
    <ClCompile Include="..\SanityEngine\extern\rex\include\rx\core\memory\single_shot_allocator.cpp">
      <Filter>extern\rex\core\memory</Filter>
    </ClCompile>
    <ClCompile Include="..\SanityEngine\extern\rex\include\rx\core\memory\stats_allocator.cpp">
      <Filter>extern\rex\core\memory</Filter>
    </ClCompile>
    <ClCompile Include="..\SanityEngine\extern\rex\include\rx\core\memory\system_allocator.cpp">
      <Filter>extern\rex\core\memory</Filter>
    </ClCompile>
    <ClCompile Include="..\SanityEngine\extern\rex\include\rx\core\memory\vma.cpp">
      <Filter>extern\rex\core\memory</Filter>
    </ClCompile>
    <ClCompile Include="..\SanityEngine\extern\rex\include\rx\core\prng\mt19937.cpp">
      <Filter>extern\rex\core\prng</Filter>
    </ClCompile>
    <ClCompile Include="..\SanityEngine\extern\rex\include\rx\core\serialize\buffer.cpp">
      <Filter>extern\rex\core\serialize</Filter>
    </ClCompile>
    <ClCompile Include="..\SanityEngine\extern\rex\include\rx\core\serialize\decoder.cpp">
      <Filter>extern\rex\core\serialize</Filter>
    </ClCompile>
    <ClCompile Include="..\SanityEngine\extern\rex\include\rx\core\serialize\encoder.cpp">
      <Filter>extern\rex\core\serialize</Filter>
    </ClCompile>
    <ClCompile Include="..\SanityEngine\extern\rex\include\rx\core\time\delay.cpp">
      <Filter>extern\rex\core\time</Filter>
    </ClCompile>
    <ClCompile Include="..\SanityEngine\extern\rex\include\rx\core\time\qpc.cpp">
      <Filter>extern\rex\core\time</Filter>
    </ClCompile>
    <ClCompile Include="..\SanityEngine\extern\rex\include\rx\core\time\span.cpp">
      <Filter>extern\rex\core\time</Filter>
    </ClCompile>
    <ClCompile Include="..\SanityEngine\extern\rex\include\rx\core\time\stop_watch.cpp">
      <Filter>extern\rex\core\time</Filter>
    </ClCompile>
    <ClCompile Include="..\SanityEngine\extern\rex\include\rx\console\command.cpp">
      <Filter>extern\rex\console</Filter>
    </ClCompile>
    <ClCompile Include="..\SanityEngine\extern\rex\include\rx\console\interface.cpp">
      <Filter>extern\rex\console</Filter>
    </ClCompile>
    <ClCompile Include="..\SanityEngine\extern\rex\include\rx\console\parser.cpp">
      <Filter>extern\rex\console</Filter>
    </ClCompile>
    <ClCompile Include="..\SanityEngine\extern\rex\include\rx\console\variable.cpp">
      <Filter>extern\rex\console</Filter>
    </ClCompile>
    <ClCompile Include="..\SanityEngine\extern\rex\include\rx\math\aabb.cpp">
      <Filter>extern\rex\math</Filter>
    </ClCompile>
    <ClCompile Include="..\SanityEngine\extern\rex\include\rx\math\frustum.cpp">
      <Filter>extern\rex\math</Filter>
    </ClCompile>
    <ClCompile Include="..\SanityEngine\extern\rex\include\rx\math\mat3x3.cpp">
      <Filter>extern\rex\math</Filter>
    </ClCompile>
    <ClCompile Include="..\SanityEngine\extern\rex\include\rx\math\mat3x4.cpp">
      <Filter>extern\rex\math</Filter>
    </ClCompile>
    <ClCompile Include="..\SanityEngine\extern\rex\include\rx\math\quat.cpp">
      <Filter>extern\rex\math</Filter>
    </ClCompile>
    <ClCompile Include="..\SanityEngine\extern\rex\include\rx\math\sphere.cpp">
      <Filter>extern\rex\math</Filter>
    </ClCompile>
    <ClCompile Include="..\SanityEngine\extern\rex\include\rx\math\vec2.cpp">
      <Filter>extern\rex\math</Filter>
    </ClCompile>
    <ClCompile Include="..\SanityEngine\extern\rex\include\rx\math\vec3.cpp">
      <Filter>extern\rex\math</Filter>
    </ClCompile>
    <ClCompile Include="..\SanityEngine\extern\rex\include\rx\math\vec4.cpp">
      <Filter>extern\rex\math</Filter>
    </ClCompile>
    <ClCompile Include="..\SanityEngine\extern\rex\include\rx\math\noise\perlin.cpp">
      <Filter>extern\rex\math\noise</Filter>
    </ClCompile>
    <ClCompile Include="src\RexWrapper.cpp">
      <Filter>src\Rex</Filter>
    </ClCompile>
    <ClCompile Include="src\SanityEngine.Codegen.cpp">
      <Filter>src</Filter>
    </ClCompile>
    <ClCompile Include="src\Rex\StdoutStream.cpp">
      <Filter>src\Rex</Filter>
    </ClCompile>
  </ItemGroup>
  <ItemGroup>
    <ClInclude Include="..\SanityEngine\extern\rex\include\rx\core\abort.h">
      <Filter>extern\rex\core</Filter>
    </ClInclude>
    <ClInclude Include="..\SanityEngine\extern\rex\include\rx\core\array.h">
      <Filter>extern\rex\core</Filter>
    </ClInclude>
    <ClInclude Include="..\SanityEngine\extern\rex\include\rx\core\assert.h">
      <Filter>extern\rex\core</Filter>
    </ClInclude>
    <ClInclude Include="..\SanityEngine\extern\rex\include\rx\core\bitset.h">
      <Filter>extern\rex\core</Filter>
    </ClInclude>
    <ClInclude Include="..\SanityEngine\extern\rex\include\rx\core\config.h">
      <Filter>extern\rex\core</Filter>
    </ClInclude>
    <ClInclude Include="..\SanityEngine\extern\rex\include\rx\core\deferred_function.h">
      <Filter>extern\rex\core</Filter>
    </ClInclude>
    <ClInclude Include="..\SanityEngine\extern\rex\include\rx\core\dynamic_pool.h">
      <Filter>extern\rex\core</Filter>
    </ClInclude>
    <ClInclude Include="..\SanityEngine\extern\rex\include\rx\core\event.h">
      <Filter>extern\rex\core</Filter>
    </ClInclude>
    <ClInclude Include="..\SanityEngine\extern\rex\include\rx\core\format.h">
      <Filter>extern\rex\core</Filter>
    </ClInclude>
    <ClInclude Include="..\SanityEngine\extern\rex\include\rx\core\function.h">
      <Filter>extern\rex\core</Filter>
    </ClInclude>
    <ClInclude Include="..\SanityEngine\extern\rex\include\rx\core\global.h">
      <Filter>extern\rex\core</Filter>
    </ClInclude>
    <ClInclude Include="..\SanityEngine\extern\rex\include\rx\core\hash.h">
      <Filter>extern\rex\core</Filter>
    </ClInclude>
    <ClInclude Include="..\SanityEngine\extern\rex\include\rx\core\intrusive_list.h">
      <Filter>extern\rex\core</Filter>
    </ClInclude>
    <ClInclude Include="..\SanityEngine\extern\rex\include\rx\core\intrusive_xor_list.h">
      <Filter>extern\rex\core</Filter>
    </ClInclude>
    <ClInclude Include="..\SanityEngine\extern\rex\include\rx\core\log.h">
      <Filter>extern\rex\core</Filter>
    </ClInclude>
    <ClInclude Include="..\SanityEngine\extern\rex\include\rx\core\map.h">
      <Filter>extern\rex\core</Filter>
    </ClInclude>
    <ClInclude Include="..\SanityEngine\extern\rex\include\rx\core\markers.h">
      <Filter>extern\rex\core</Filter>
    </ClInclude>
    <ClInclude Include="..\SanityEngine\extern\rex\include\rx\core\optional.h">
      <Filter>extern\rex\core</Filter>
    </ClInclude>
    <ClInclude Include="..\SanityEngine\extern\rex\include\rx\core\profiler.h">
      <Filter>extern\rex\core</Filter>
    </ClInclude>
    <ClInclude Include="..\SanityEngine\extern\rex\include\rx\core\ptr.h">
      <Filter>extern\rex\core</Filter>
    </ClInclude>
    <ClInclude Include="..\SanityEngine\extern\rex\include\rx\core\set.h">
      <Filter>extern\rex\core</Filter>
    </ClInclude>
    <ClInclude Include="..\SanityEngine\extern\rex\include\rx\core\source_location.h">
      <Filter>extern\rex\core</Filter>
    </ClInclude>
    <ClInclude Include="..\SanityEngine\extern\rex\include\rx\core\static_pool.h">
      <Filter>extern\rex\core</Filter>
    </ClInclude>
    <ClInclude Include="..\SanityEngine\extern\rex\include\rx\core\stream.h">
      <Filter>extern\rex\core</Filter>
    </ClInclude>
    <ClInclude Include="..\SanityEngine\extern\rex\include\rx\core\string.h">
      <Filter>extern\rex\core</Filter>
    </ClInclude>
    <ClInclude Include="..\SanityEngine\extern\rex\include\rx\core\string_table.h">
      <Filter>extern\rex\core</Filter>
    </ClInclude>
    <ClInclude Include="..\SanityEngine\extern\rex\include\rx\core\tagged_ptr.h">
      <Filter>extern\rex\core</Filter>
    </ClInclude>
    <ClInclude Include="..\SanityEngine\extern\rex\include\rx\core\types.h">
      <Filter>extern\rex\core</Filter>
    </ClInclude>
    <ClInclude Include="..\SanityEngine\extern\rex\include\rx\core\uninitialized.h">
      <Filter>extern\rex\core</Filter>
    </ClInclude>
    <ClInclude Include="..\SanityEngine\extern\rex\include\rx\core\vector.h">
      <Filter>extern\rex\core</Filter>
    </ClInclude>
    <ClInclude Include="..\SanityEngine\extern\rex\include\rx\core\algorithm\clamp.h">
      <Filter>extern\rex\core\algorithm</Filter>
    </ClInclude>
    <ClInclude Include="..\SanityEngine\extern\rex\include\rx\core\algorithm\insertion_sort.h">
      <Filter>extern\rex\core\algorithm</Filter>
    </ClInclude>
    <ClInclude Include="..\SanityEngine\extern\rex\include\rx\core\algorithm\max.h">
      <Filter>extern\rex\core\algorithm</Filter>
    </ClInclude>
    <ClInclude Include="..\SanityEngine\extern\rex\include\rx\core\algorithm\min.h">
      <Filter>extern\rex\core\algorithm</Filter>
    </ClInclude>
    <ClInclude Include="..\SanityEngine\extern\rex\include\rx\core\algorithm\quick_sort.h">
      <Filter>extern\rex\core\algorithm</Filter>
    </ClInclude>
    <ClInclude Include="..\SanityEngine\extern\rex\include\rx\core\algorithm\topological_sort.h">
      <Filter>extern\rex\core\algorithm</Filter>
    </ClInclude>
    <ClInclude Include="..\SanityEngine\extern\rex\include\rx\core\concepts\interface.h">
      <Filter>extern\rex\core\concepts</Filter>
    </ClInclude>
    <ClInclude Include="..\SanityEngine\extern\rex\include\rx\core\concepts\no_copy.h">
      <Filter>extern\rex\core\concepts</Filter>
    </ClInclude>
    <ClInclude Include="..\SanityEngine\extern\rex\include\rx\core\concepts\no_move.h">
      <Filter>extern\rex\core\concepts</Filter>
    </ClInclude>
    <ClInclude Include="..\SanityEngine\extern\rex\include\rx\core\concurrency\atomic.h">
      <Filter>extern\rex\core\concurrency</Filter>
    </ClInclude>
    <ClInclude Include="..\SanityEngine\extern\rex\include\rx\core\concurrency\condition_variable.h">
      <Filter>extern\rex\core\concurrency</Filter>
    </ClInclude>
    <ClInclude Include="..\SanityEngine\extern\rex\include\rx\core\concurrency\mutex.h">
      <Filter>extern\rex\core\concurrency</Filter>
    </ClInclude>
    <ClInclude Include="..\SanityEngine\extern\rex\include\rx\core\concurrency\recursive_mutex.h">
      <Filter>extern\rex\core\concurrency</Filter>
    </ClInclude>
    <ClInclude Include="..\SanityEngine\extern\rex\include\rx\core\concurrency\scope_lock.h">
      <Filter>extern\rex\core\concurrency</Filter>
    </ClInclude>
    <ClInclude Include="..\SanityEngine\extern\rex\include\rx\core\concurrency\scope_unlock.h">
      <Filter>extern\rex\core\concurrency</Filter>
    </ClInclude>
    <ClInclude Include="..\SanityEngine\extern\rex\include\rx\core\concurrency\spin_lock.h">
      <Filter>extern\rex\core\concurrency</Filter>
    </ClInclude>
    <ClInclude Include="..\SanityEngine\extern\rex\include\rx\core\concurrency\thread.h">
      <Filter>extern\rex\core\concurrency</Filter>
    </ClInclude>
    <ClInclude Include="..\SanityEngine\extern\rex\include\rx\core\concurrency\thread_pool.h">
      <Filter>extern\rex\core\concurrency</Filter>
    </ClInclude>
    <ClInclude Include="..\SanityEngine\extern\rex\include\rx\core\concurrency\wait_group.h">
      <Filter>extern\rex\core\concurrency</Filter>
    </ClInclude>
    <ClInclude Include="..\SanityEngine\extern\rex\include\rx\core\concurrency\yield.h">
      <Filter>extern\rex\core\concurrency</Filter>
    </ClInclude>
    <ClInclude Include="..\SanityEngine\extern\rex\include\rx\core\concurrency\clang\atomic.h">
      <Filter>extern\rex\core\concurrency\clang</Filter>
    </ClInclude>
    <ClInclude Include="..\SanityEngine\extern\rex\include\rx\core\concurrency\gcc\atomic.h">
      <Filter>extern\rex\core\concurrency\gcc</Filter>
    </ClInclude>
    <ClInclude Include="..\SanityEngine\extern\rex\include\rx\core\concurrency\std\atomic.h">
      <Filter>extern\rex\core\concurrency\std</Filter>
    </ClInclude>
    <ClInclude Include="..\SanityEngine\extern\rex\include\rx\core\filesystem\directory.h">
      <Filter>extern\rex\core\filesystem</Filter>
    </ClInclude>
    <ClInclude Include="..\SanityEngine\extern\rex\include\rx\core\filesystem\file.h">
      <Filter>extern\rex\core\filesystem</Filter>
    </ClInclude>
    <ClInclude Include="..\SanityEngine\extern\rex\include\rx\core\filesystem\path_resolver.h">
      <Filter>extern\rex\core\filesystem</Filter>
    </ClInclude>
    <ClInclude Include="..\SanityEngine\extern\rex\include\rx\core\hash\fnv1a.h">
      <Filter>extern\rex\core\hash</Filter>
    </ClInclude>
    <ClInclude Include="..\SanityEngine\extern\rex\include\rx\core\hints\assume_aligned.h">
      <Filter>extern\rex\core\hints</Filter>
    </ClInclude>
    <ClInclude Include="..\SanityEngine\extern\rex\include\rx\core\hints\empty_bases.h">
      <Filter>extern\rex\core\hints</Filter>
    </ClInclude>
    <ClInclude Include="..\SanityEngine\extern\rex\include\rx\core\hints\force_inline.h">
      <Filter>extern\rex\core\hints</Filter>
    </ClInclude>
    <ClInclude Include="..\SanityEngine\extern\rex\include\rx\core\hints\format.h">
      <Filter>extern\rex\core\hints</Filter>
    </ClInclude>
    <ClInclude Include="..\SanityEngine\extern\rex\include\rx\core\hints\likely.h">
      <Filter>extern\rex\core\hints</Filter>
    </ClInclude>
    <ClInclude Include="..\SanityEngine\extern\rex\include\rx\core\hints\may_alias.h">
      <Filter>extern\rex\core\hints</Filter>
    </ClInclude>
    <ClInclude Include="..\SanityEngine\extern\rex\include\rx\core\hints\no_inline.h">
      <Filter>extern\rex\core\hints</Filter>
    </ClInclude>
    <ClInclude Include="..\SanityEngine\extern\rex\include\rx\core\hints\restrict.h">
      <Filter>extern\rex\core\hints</Filter>
    </ClInclude>
    <ClInclude Include="..\SanityEngine\extern\rex\include\rx\core\hints\thread.h">
      <Filter>extern\rex\core\hints</Filter>
    </ClInclude>
    <ClInclude Include="..\SanityEngine\extern\rex\include\rx\core\hints\unlikely.h">
      <Filter>extern\rex\core\hints</Filter>
    </ClInclude>
    <ClInclude Include="..\SanityEngine\extern\rex\include\rx\core\hints\unreachable.h">
      <Filter>extern\rex\core\hints</Filter>
    </ClInclude>
    <ClInclude Include="..\SanityEngine\extern\rex\include\rx\core\library\loader.h">
      <Filter>extern\rex\core\library</Filter>
    </ClInclude>
    <ClInclude Include="..\SanityEngine\extern\rex\include\rx\core\math\abs.h">
      <Filter>extern\rex\core\math</Filter>
    </ClInclude>
    <ClInclude Include="..\SanityEngine\extern\rex\include\rx\core\math\ceil.h">
      <Filter>extern\rex\core\math</Filter>
    </ClInclude>
    <ClInclude Include="..\SanityEngine\extern\rex\include\rx\core\math\cos.h">
      <Filter>extern\rex\core\math</Filter>
    </ClInclude>
    <ClInclude Include="..\SanityEngine\extern\rex\include\rx\core\math\floor.h">
      <Filter>extern\rex\core\math</Filter>
    </ClInclude>
    <ClInclude Include="..\SanityEngine\extern\rex\include\rx\core\math\force_eval.h">
      <Filter>extern\rex\core\math</Filter>
    </ClInclude>
    <ClInclude Include="..\SanityEngine\extern\rex\include\rx\core\math\half.h">
      <Filter>extern\rex\core\math</Filter>
    </ClInclude>
    <ClInclude Include="..\SanityEngine\extern\rex\include\rx\core\math\isnan.h">
      <Filter>extern\rex\core\math</Filter>
    </ClInclude>
    <ClInclude Include="..\SanityEngine\extern\rex\include\rx\core\math\log2.h">
      <Filter>extern\rex\core\math</Filter>
    </ClInclude>
    <ClInclude Include="..\SanityEngine\extern\rex\include\rx\core\math\mod.h">
      <Filter>extern\rex\core\math</Filter>
    </ClInclude>
    <ClInclude Include="..\SanityEngine\extern\rex\include\rx\core\math\pow.h">
      <Filter>extern\rex\core\math</Filter>
    </ClInclude>
    <ClInclude Include="..\SanityEngine\extern\rex\include\rx\core\math\round.h">
      <Filter>extern\rex\core\math</Filter>
    </ClInclude>
    <ClInclude Include="..\SanityEngine\extern\rex\include\rx\core\math\shape.h">
      <Filter>extern\rex\core\math</Filter>
    </ClInclude>
    <ClInclude Include="..\SanityEngine\extern\rex\include\rx\core\math\sign.h">
      <Filter>extern\rex\core\math</Filter>
    </ClInclude>
    <ClInclude Include="..\SanityEngine\extern\rex\include\rx\core\math\sin.h">
      <Filter>extern\rex\core\math</Filter>
    </ClInclude>
    <ClInclude Include="..\SanityEngine\extern\rex\include\rx\core\math\sqrt.h">
      <Filter>extern\rex\core\math</Filter>
    </ClInclude>
    <ClInclude Include="..\SanityEngine\extern\rex\include\rx\core\math\tan.h">
      <Filter>extern\rex\core\math</Filter>
    </ClInclude>
    <ClInclude Include="..\SanityEngine\extern\rex\include\rx\core\memory\aggregate.h">
      <Filter>extern\rex\core\memory</Filter>
    </ClInclude>
    <ClInclude Include="..\SanityEngine\extern\rex\include\rx\core\memory\allocator.h">
      <Filter>extern\rex\core\memory</Filter>
    </ClInclude>
    <ClInclude Include="..\SanityEngine\extern\rex\include\rx\core\memory\buddy_allocator.h">
      <Filter>extern\rex\core\memory</Filter>
    </ClInclude>
    <ClInclude Include="..\SanityEngine\extern\rex\include\rx\core\memory\bump_point_allocator.h">
      <Filter>extern\rex\core\memory</Filter>
    </ClInclude>
    <ClInclude Include="..\SanityEngine\extern\rex\include\rx\core\memory\electric_fence_allocator.h">
      <Filter>extern\rex\core\memory</Filter>
    </ClInclude>
    <ClInclude Include="..\SanityEngine\extern\rex\include\rx\core\memory\heap_allocator.h">
      <Filter>extern\rex\core\memory</Filter>
    </ClInclude>
    <ClInclude Include="..\SanityEngine\extern\rex\include\rx\core\memory\single_shot_allocator.h">
      <Filter>extern\rex\core\memory</Filter>
    </ClInclude>
    <ClInclude Include="..\SanityEngine\extern\rex\include\rx\core\memory\stats_allocator.h">
      <Filter>extern\rex\core\memory</Filter>
    </ClInclude>
    <ClInclude Include="..\SanityEngine\extern\rex\include\rx\core\memory\system_allocator.h">
      <Filter>extern\rex\core\memory</Filter>
    </ClInclude>
    <ClInclude Include="..\SanityEngine\extern\rex\include\rx\core\memory\uninitialized_storage.h">
      <Filter>extern\rex\core\memory</Filter>
    </ClInclude>
    <ClInclude Include="..\SanityEngine\extern\rex\include\rx\core\memory\vma.h">
      <Filter>extern\rex\core\memory</Filter>
    </ClInclude>
    <ClInclude Include="..\SanityEngine\extern\rex\include\rx\core\prng\mt19937.h">
      <Filter>extern\rex\core\prng</Filter>
    </ClInclude>
    <ClInclude Include="..\SanityEngine\extern\rex\include\rx\core\serialize\buffer.h">
      <Filter>extern\rex\core\serialize</Filter>
    </ClInclude>
    <ClInclude Include="..\SanityEngine\extern\rex\include\rx\core\serialize\decoder.h">
      <Filter>extern\rex\core\serialize</Filter>
    </ClInclude>
    <ClInclude Include="..\SanityEngine\extern\rex\include\rx\core\serialize\encoder.h">
      <Filter>extern\rex\core\serialize</Filter>
    </ClInclude>
    <ClInclude Include="..\SanityEngine\extern\rex\include\rx\core\serialize\header.h">
      <Filter>extern\rex\core\serialize</Filter>
    </ClInclude>
    <ClInclude Include="..\SanityEngine\extern\rex\include\rx\core\utility\bit.h">
      <Filter>extern\rex\core\utility</Filter>
    </ClInclude>
    <ClInclude Include="..\SanityEngine\extern\rex\include\rx\core\utility\construct.h">
      <Filter>extern\rex\core\utility</Filter>
    </ClInclude>
    <ClInclude Include="..\SanityEngine\extern\rex\include\rx\core\utility\declval.h">
      <Filter>extern\rex\core\utility</Filter>
    </ClInclude>
    <ClInclude Include="..\SanityEngine\extern\rex\include\rx\core\utility\destruct.h">
      <Filter>extern\rex\core\utility</Filter>
    </ClInclude>
    <ClInclude Include="..\SanityEngine\extern\rex\include\rx\core\utility\exchange.h">
      <Filter>extern\rex\core\utility</Filter>
    </ClInclude>
    <ClInclude Include="..\SanityEngine\extern\rex\include\rx\core\utility\forward.h">
      <Filter>extern\rex\core\utility</Filter>
    </ClInclude>
    <ClInclude Include="..\SanityEngine\extern\rex\include\rx\core\utility\move.h">
      <Filter>extern\rex\core\utility</Filter>
    </ClInclude>
    <ClInclude Include="..\SanityEngine\extern\rex\include\rx\core\utility\nat.h">
      <Filter>extern\rex\core\utility</Filter>
    </ClInclude>
    <ClInclude Include="..\SanityEngine\extern\rex\include\rx\core\utility\pair.h">
      <Filter>extern\rex\core\utility</Filter>
    </ClInclude>
    <ClInclude Include="..\SanityEngine\extern\rex\include\rx\core\utility\swap.h">
      <Filter>extern\rex\core\utility</Filter>
    </ClInclude>
    <ClInclude Include="..\SanityEngine\extern\rex\include\rx\core\utility\uninitialized.h">
      <Filter>extern\rex\core\utility</Filter>
    </ClInclude>
    <ClInclude Include="..\SanityEngine\extern\rex\include\rx\core\traits\add_const.h">
      <Filter>extern\rex\core\traits</Filter>
    </ClInclude>
    <ClInclude Include="..\SanityEngine\extern\rex\include\rx\core\traits\add_cv.h">
      <Filter>extern\rex\core\traits</Filter>
    </ClInclude>
    <ClInclude Include="..\SanityEngine\extern\rex\include\rx\core\traits\add_lvalue_reference.h">
      <Filter>extern\rex\core\traits</Filter>
    </ClInclude>
    <ClInclude Include="..\SanityEngine\extern\rex\include\rx\core\traits\add_pointer.h">
      <Filter>extern\rex\core\traits</Filter>
    </ClInclude>
    <ClInclude Include="..\SanityEngine\extern\rex\include\rx\core\traits\add_rvalue_reference.h">
      <Filter>extern\rex\core\traits</Filter>
    </ClInclude>
    <ClInclude Include="..\SanityEngine\extern\rex\include\rx\core\traits\add_volatile.h">
      <Filter>extern\rex\core\traits</Filter>
    </ClInclude>
    <ClInclude Include="..\SanityEngine\extern\rex\include\rx\core\traits\conditional.h">
      <Filter>extern\rex\core\traits</Filter>
    </ClInclude>
    <ClInclude Include="..\SanityEngine\extern\rex\include\rx\core\traits\decay.h">
      <Filter>extern\rex\core\traits</Filter>
    </ClInclude>
    <ClInclude Include="..\SanityEngine\extern\rex\include\rx\core\traits\detect.h">
      <Filter>extern\rex\core\traits</Filter>
    </ClInclude>
    <ClInclude Include="..\SanityEngine\extern\rex\include\rx\core\traits\enable_if.h">
      <Filter>extern\rex\core\traits</Filter>
    </ClInclude>
    <ClInclude Include="..\SanityEngine\extern\rex\include\rx\core\traits\is_array.h">
      <Filter>extern\rex\core\traits</Filter>
    </ClInclude>
    <ClInclude Include="..\SanityEngine\extern\rex\include\rx\core\traits\is_assignable.h">
      <Filter>extern\rex\core\traits</Filter>
    </ClInclude>
    <ClInclude Include="..\SanityEngine\extern\rex\include\rx\core\traits\is_callable.h">
      <Filter>extern\rex\core\traits</Filter>
    </ClInclude>
    <ClInclude Include="..\SanityEngine\extern\rex\include\rx\core\traits\is_enum.h">
      <Filter>extern\rex\core\traits</Filter>
    </ClInclude>
    <ClInclude Include="..\SanityEngine\extern\rex\include\rx\core\traits\is_floating_point.h">
      <Filter>extern\rex\core\traits</Filter>
    </ClInclude>
    <ClInclude Include="..\SanityEngine\extern\rex\include\rx\core\traits\is_function.h">
      <Filter>extern\rex\core\traits</Filter>
    </ClInclude>
    <ClInclude Include="..\SanityEngine\extern\rex\include\rx\core\traits\is_integral.h">
      <Filter>extern\rex\core\traits</Filter>
    </ClInclude>
    <ClInclude Include="..\SanityEngine\extern\rex\include\rx\core\traits\is_lvalue_reference.h">
      <Filter>extern\rex\core\traits</Filter>
    </ClInclude>
    <ClInclude Include="..\SanityEngine\extern\rex\include\rx\core\traits\is_pointer.h">
      <Filter>extern\rex\core\traits</Filter>
    </ClInclude>
    <ClInclude Include="..\SanityEngine\extern\rex\include\rx\core\traits\is_reference.h">
      <Filter>extern\rex\core\traits</Filter>
    </ClInclude>
    <ClInclude Include="..\SanityEngine\extern\rex\include\rx\core\traits\is_referenceable.h">
      <Filter>extern\rex\core\traits</Filter>
    </ClInclude>
    <ClInclude Include="..\SanityEngine\extern\rex\include\rx\core\traits\is_restrict.h">
      <Filter>extern\rex\core\traits</Filter>
    </ClInclude>
    <ClInclude Include="..\SanityEngine\extern\rex\include\rx\core\traits\is_rvalue_reference.h">
      <Filter>extern\rex\core\traits</Filter>
    </ClInclude>
    <ClInclude Include="..\SanityEngine\extern\rex\include\rx\core\traits\is_same.h">
      <Filter>extern\rex\core\traits</Filter>
    </ClInclude>
    <ClInclude Include="..\SanityEngine\extern\rex\include\rx\core\traits\is_signed.h">
      <Filter>extern\rex\core\traits</Filter>
    </ClInclude>
    <ClInclude Include="..\SanityEngine\extern\rex\include\rx\core\traits\is_trivially_copyable.h">
      <Filter>extern\rex\core\traits</Filter>
    </ClInclude>
    <ClInclude Include="..\SanityEngine\extern\rex\include\rx\core\traits\is_trivially_destructible.h">
      <Filter>extern\rex\core\traits</Filter>
    </ClInclude>
    <ClInclude Include="..\SanityEngine\extern\rex\include\rx\core\traits\is_unsigned.h">
      <Filter>extern\rex\core\traits</Filter>
    </ClInclude>
    <ClInclude Include="..\SanityEngine\extern\rex\include\rx\core\traits\is_void.h">
      <Filter>extern\rex\core\traits</Filter>
    </ClInclude>
    <ClInclude Include="..\SanityEngine\extern\rex\include\rx\core\traits\remove_all_extents.h">
      <Filter>extern\rex\core\traits</Filter>
    </ClInclude>
    <ClInclude Include="..\SanityEngine\extern\rex\include\rx\core\traits\remove_const.h">
      <Filter>extern\rex\core\traits</Filter>
    </ClInclude>
    <ClInclude Include="..\SanityEngine\extern\rex\include\rx\core\traits\remove_cv.h">
      <Filter>extern\rex\core\traits</Filter>
    </ClInclude>
    <ClInclude Include="..\SanityEngine\extern\rex\include\rx\core\traits\remove_cvref.h">
      <Filter>extern\rex\core\traits</Filter>
    </ClInclude>
    <ClInclude Include="..\SanityEngine\extern\rex\include\rx\core\traits\remove_extent.h">
      <Filter>extern\rex\core\traits</Filter>
    </ClInclude>
    <ClInclude Include="..\SanityEngine\extern\rex\include\rx\core\traits\remove_pointer.h">
      <Filter>extern\rex\core\traits</Filter>
    </ClInclude>
    <ClInclude Include="..\SanityEngine\extern\rex\include\rx\core\traits\remove_reference.h">
      <Filter>extern\rex\core\traits</Filter>
    </ClInclude>
    <ClInclude Include="..\SanityEngine\extern\rex\include\rx\core\traits\remove_volatile.h">
      <Filter>extern\rex\core\traits</Filter>
    </ClInclude>
    <ClInclude Include="..\SanityEngine\extern\rex\include\rx\core\traits\return_type.h">
      <Filter>extern\rex\core\traits</Filter>
    </ClInclude>
    <ClInclude Include="..\SanityEngine\extern\rex\include\rx\core\traits\type_identity.h">
      <Filter>extern\rex\core\traits</Filter>
    </ClInclude>
    <ClInclude Include="..\SanityEngine\extern\rex\include\rx\core\traits\underlying_type.h">
      <Filter>extern\rex\core\traits</Filter>
    </ClInclude>
    <ClInclude Include="..\SanityEngine\extern\rex\include\rx\core\time\delay.h">
      <Filter>extern\rex\core\time</Filter>
    </ClInclude>
    <ClInclude Include="..\SanityEngine\extern\rex\include\rx\core\time\qpc.h">
      <Filter>extern\rex\core\time</Filter>
    </ClInclude>
    <ClInclude Include="..\SanityEngine\extern\rex\include\rx\core\time\span.h">
      <Filter>extern\rex\core\time</Filter>
    </ClInclude>
    <ClInclude Include="..\SanityEngine\extern\rex\include\rx\core\time\stop_watch.h">
      <Filter>extern\rex\core\time</Filter>
    </ClInclude>
    <ClInclude Include="..\SanityEngine\extern\rex\include\rx\console\command.h">
      <Filter>extern\rex\console</Filter>
    </ClInclude>
    <ClInclude Include="..\SanityEngine\extern\rex\include\rx\console\interface.h">
      <Filter>extern\rex\console</Filter>
    </ClInclude>
    <ClInclude Include="..\SanityEngine\extern\rex\include\rx\console\parser.h">
      <Filter>extern\rex\console</Filter>
    </ClInclude>
    <ClInclude Include="..\SanityEngine\extern\rex\include\rx\console\variable.h">
      <Filter>extern\rex\console</Filter>
    </ClInclude>
    <ClInclude Include="..\SanityEngine\extern\rex\include\rx\math\aabb.h">
      <Filter>extern\rex\math</Filter>
    </ClInclude>
    <ClInclude Include="..\SanityEngine\extern\rex\include\rx\math\camera.h">
      <Filter>extern\rex\math</Filter>
    </ClInclude>
    <ClInclude Include="..\SanityEngine\extern\rex\include\rx\math\compare.h">
      <Filter>extern\rex\math</Filter>
    </ClInclude>
    <ClInclude Include="..\SanityEngine\extern\rex\include\rx\math\constants.h">
      <Filter>extern\rex\math</Filter>
    </ClInclude>
    <ClInclude Include="..\SanityEngine\extern\rex\include\rx\math\frustum.h">
      <Filter>extern\rex\math</Filter>
    </ClInclude>
    <ClInclude Include="..\SanityEngine\extern\rex\include\rx\math\mat3x3.h">
      <Filter>extern\rex\math</Filter>
    </ClInclude>
    <ClInclude Include="..\SanityEngine\extern\rex\include\rx\math\mat3x4.h">
      <Filter>extern\rex\math</Filter>
    </ClInclude>
    <ClInclude Include="..\SanityEngine\extern\rex\include\rx\math\mat4x4.h">
      <Filter>extern\rex\math</Filter>
    </ClInclude>
    <ClInclude Include="..\SanityEngine\extern\rex\include\rx\math\plane.h">
      <Filter>extern\rex\math</Filter>
    </ClInclude>
    <ClInclude Include="..\SanityEngine\extern\rex\include\rx\math\quat.h">
      <Filter>extern\rex\math</Filter>
    </ClInclude>
    <ClInclude Include="..\SanityEngine\extern\rex\include\rx\math\rectangle.h">
      <Filter>extern\rex\math</Filter>
    </ClInclude>
    <ClInclude Include="..\SanityEngine\extern\rex\include\rx\math\sphere.h">
      <Filter>extern\rex\math</Filter>
    </ClInclude>
    <ClInclude Include="..\SanityEngine\extern\rex\include\rx\math\transform.h">
      <Filter>extern\rex\math</Filter>
    </ClInclude>
    <ClInclude Include="..\SanityEngine\extern\rex\include\rx\math\trig.h">
      <Filter>extern\rex\math</Filter>
    </ClInclude>
    <ClInclude Include="..\SanityEngine\extern\rex\include\rx\math\vec2.h">
      <Filter>extern\rex\math</Filter>
    </ClInclude>
    <ClInclude Include="..\SanityEngine\extern\rex\include\rx\math\vec3.h">
      <Filter>extern\rex\math</Filter>
    </ClInclude>
    <ClInclude Include="..\SanityEngine\extern\rex\include\rx\math\vec4.h">
      <Filter>extern\rex\math</Filter>
    </ClInclude>
    <ClInclude Include="..\SanityEngine\extern\rex\include\rx\math\noise\perlin.h">
      <Filter>extern\rex\math\noise</Filter>
    </ClInclude>
    <ClInclude Include="src\RexWrapper.hpp">
      <Filter>src\Rex</Filter>
    </ClInclude>
    <ClInclude Include="src\Rex\StdoutStream.hpp">
      <Filter>src\Rex</Filter>
    </ClInclude>
    <ClInclude Include="src\Types.hpp">
      <Filter>src</Filter>
    </ClInclude>
  </ItemGroup>
</Project>